// !$*UTF8*$!
{
	archiveVersion = 1;
	classes = {
	};
	objectVersion = 46;
	objects = {

/* Begin PBXBuildFile section */
		DA5665A919FADED200B923FB /* NSApplication+LoginItem.m in Sources */ = {isa = PBXBuildFile; fileRef = DA5665A819FADED200B923FB /* NSApplication+LoginItem.m */; };
		DA5A50941ACC5C5400A444C8 /* KYAEvent.m in Sources */ = {isa = PBXBuildFile; fileRef = DA5A50931ACC5C5400A444C8 /* KYAEvent.m */; };
		DA637B3F19F14693004C8838 /* main.m in Sources */ = {isa = PBXBuildFile; fileRef = DA637B3E19F14693004C8838 /* main.m */; };
		DA637B4219F14693004C8838 /* KYAAppDelegate.m in Sources */ = {isa = PBXBuildFile; fileRef = DA637B4119F14693004C8838 /* KYAAppDelegate.m */; };
		DA637B4419F14693004C8838 /* Images.xcassets in Resources */ = {isa = PBXBuildFile; fileRef = DA637B4319F14693004C8838 /* Images.xcassets */; };
		DA637B4719F14693004C8838 /* MainMenu.xib in Resources */ = {isa = PBXBuildFile; fileRef = DA637B4519F14693004C8838 /* MainMenu.xib */; };
		DA637B5E19F146B6004C8838 /* KYAAppController.m in Sources */ = {isa = PBXBuildFile; fileRef = DA637B5D19F146B6004C8838 /* KYAAppController.m */; };
		DA787EF119F40B2E00D1476A /* Credits.rtf in Resources */ = {isa = PBXBuildFile; fileRef = DA787EF019F40B2E00D1476A /* Credits.rtf */; };
		DA8CB49D1A5767CC00BC6F73 /* Sparkle.framework in Frameworks */ = {isa = PBXBuildFile; fileRef = DA7931C31A575C6000B6DEC4 /* Sparkle.framework */; };
		DA8CB49E1A5767CC00BC6F73 /* Sparkle.framework in Embed Frameworks */ = {isa = PBXBuildFile; fileRef = DA7931C31A575C6000B6DEC4 /* Sparkle.framework */; settings = {ATTRIBUTES = (CodeSignOnCopy, RemoveHeadersOnCopy, ); }; };
		DAB268721A0D6BC600B58AD6 /* KYASleepWakeTimer.m in Sources */ = {isa = PBXBuildFile; fileRef = DAB268711A0D6BC600B58AD6 /* KYASleepWakeTimer.m */; };
		DAD2725B1ACB266800CDD620 /* KYAEventHandler.m in Sources */ = {isa = PBXBuildFile; fileRef = DAD2725A1ACB266800CDD620 /* KYAEventHandler.m */; };
/* End PBXBuildFile section */

/* Begin PBXCopyFilesBuildPhase section */
		DA8CB49F1A5767CC00BC6F73 /* Embed Frameworks */ = {
			isa = PBXCopyFilesBuildPhase;
			buildActionMask = 2147483647;
			dstPath = "";
			dstSubfolderSpec = 10;
			files = (
				DA8CB49E1A5767CC00BC6F73 /* Sparkle.framework in Embed Frameworks */,
			);
			name = "Embed Frameworks";
			runOnlyForDeploymentPostprocessing = 0;
		};
/* End PBXCopyFilesBuildPhase section */

/* Begin PBXFileReference section */
		DA5665A719FADED200B923FB /* NSApplication+LoginItem.h */ = {isa = PBXFileReference; fileEncoding = 4; lastKnownFileType = sourcecode.c.h; path = "NSApplication+LoginItem.h"; sourceTree = "<group>"; };
		DA5665A819FADED200B923FB /* NSApplication+LoginItem.m */ = {isa = PBXFileReference; fileEncoding = 4; lastKnownFileType = sourcecode.c.objc; path = "NSApplication+LoginItem.m"; sourceTree = "<group>"; };
		DA5A50921ACC5C5400A444C8 /* KYAEvent.h */ = {isa = PBXFileReference; fileEncoding = 4; lastKnownFileType = sourcecode.c.h; path = KYAEvent.h; sourceTree = "<group>"; };
		DA5A50931ACC5C5400A444C8 /* KYAEvent.m */ = {isa = PBXFileReference; fileEncoding = 4; lastKnownFileType = sourcecode.c.objc; path = KYAEvent.m; sourceTree = "<group>"; };
		DA637B3919F14693004C8838 /* KeepingYouAwake.app */ = {isa = PBXFileReference; explicitFileType = wrapper.application; includeInIndex = 0; path = KeepingYouAwake.app; sourceTree = BUILT_PRODUCTS_DIR; };
		DA637B3D19F14693004C8838 /* Info.plist */ = {isa = PBXFileReference; lastKnownFileType = text.plist.xml; path = Info.plist; sourceTree = "<group>"; };
		DA637B3E19F14693004C8838 /* main.m */ = {isa = PBXFileReference; lastKnownFileType = sourcecode.c.objc; path = main.m; sourceTree = "<group>"; };
		DA637B4019F14693004C8838 /* KYAAppDelegate.h */ = {isa = PBXFileReference; lastKnownFileType = sourcecode.c.h; path = KYAAppDelegate.h; sourceTree = "<group>"; };
		DA637B4119F14693004C8838 /* KYAAppDelegate.m */ = {isa = PBXFileReference; lastKnownFileType = sourcecode.c.objc; path = KYAAppDelegate.m; sourceTree = "<group>"; };
		DA637B4319F14693004C8838 /* Images.xcassets */ = {isa = PBXFileReference; lastKnownFileType = folder.assetcatalog; path = Images.xcassets; sourceTree = "<group>"; };
		DA637B4619F14693004C8838 /* Base */ = {isa = PBXFileReference; lastKnownFileType = file.xib; name = Base; path = Base.lproj/MainMenu.xib; sourceTree = "<group>"; };
		DA637B5C19F146B6004C8838 /* KYAAppController.h */ = {isa = PBXFileReference; fileEncoding = 4; lastKnownFileType = sourcecode.c.h; path = KYAAppController.h; sourceTree = "<group>"; };
		DA637B5D19F146B6004C8838 /* KYAAppController.m */ = {isa = PBXFileReference; fileEncoding = 4; lastKnownFileType = sourcecode.c.objc; path = KYAAppController.m; sourceTree = "<group>"; };
		DA787EF019F40B2E00D1476A /* Credits.rtf */ = {isa = PBXFileReference; fileEncoding = 4; lastKnownFileType = text.rtf; path = Credits.rtf; sourceTree = "<group>"; };
		DA7931C31A575C6000B6DEC4 /* Sparkle.framework */ = {isa = PBXFileReference; lastKnownFileType = wrapper.framework; name = Sparkle.framework; path = Carthage/Build/Mac/Sparkle.framework; sourceTree = SOURCE_ROOT; };
		DAB268701A0D6BC600B58AD6 /* KYASleepWakeTimer.h */ = {isa = PBXFileReference; fileEncoding = 4; lastKnownFileType = sourcecode.c.h; path = KYASleepWakeTimer.h; sourceTree = "<group>"; };
		DAB268711A0D6BC600B58AD6 /* KYASleepWakeTimer.m */ = {isa = PBXFileReference; fileEncoding = 4; lastKnownFileType = sourcecode.c.objc; path = KYASleepWakeTimer.m; sourceTree = "<group>"; };
		DAD272581ACB21D000CDD620 /* Configuration.xcconfig */ = {isa = PBXFileReference; lastKnownFileType = text.xcconfig; path = Configuration.xcconfig; sourceTree = "<group>"; };
		DAD272591ACB266800CDD620 /* KYAEventHandler.h */ = {isa = PBXFileReference; fileEncoding = 4; lastKnownFileType = sourcecode.c.h; path = KYAEventHandler.h; sourceTree = "<group>"; };
		DAD2725A1ACB266800CDD620 /* KYAEventHandler.m */ = {isa = PBXFileReference; fileEncoding = 4; lastKnownFileType = sourcecode.c.objc; path = KYAEventHandler.m; sourceTree = "<group>"; };
/* End PBXFileReference section */

/* Begin PBXFrameworksBuildPhase section */
		DA637B3619F14693004C8838 /* Frameworks */ = {
			isa = PBXFrameworksBuildPhase;
			buildActionMask = 2147483647;
			files = (
				DA8CB49D1A5767CC00BC6F73 /* Sparkle.framework in Frameworks */,
			);
			runOnlyForDeploymentPostprocessing = 0;
		};
/* End PBXFrameworksBuildPhase section */

/* Begin PBXGroup section */
		DA4919C51ACFFF8D00D44F6A /* Event Handler */ = {
			isa = PBXGroup;
			children = (
				DAD272591ACB266800CDD620 /* KYAEventHandler.h */,
				DAD2725A1ACB266800CDD620 /* KYAEventHandler.m */,
				DA5A50921ACC5C5400A444C8 /* KYAEvent.h */,
				DA5A50931ACC5C5400A444C8 /* KYAEvent.m */,
			);
			name = "Event Handler";
			sourceTree = "<group>";
		};
		DA4919C61ACFFF9600D44F6A /* Extensions */ = {
			isa = PBXGroup;
			children = (
				DA5665A719FADED200B923FB /* NSApplication+LoginItem.h */,
				DA5665A819FADED200B923FB /* NSApplication+LoginItem.m */,
			);
			name = Extensions;
			sourceTree = "<group>";
		};
		DA637B3019F14693004C8838 = {
			isa = PBXGroup;
			children = (
				DA637B3B19F14693004C8838 /* KeepingYouAwake */,
				DA66CF9F1A12A7D700336CDC /* Frameworks */,
				DA637B3C19F14693004C8838 /* Supporting Files */,
				DA637B3A19F14693004C8838 /* Products */,
			);
			sourceTree = "<group>";
		};
		DA637B3A19F14693004C8838 /* Products */ = {
			isa = PBXGroup;
			children = (
				DA637B3919F14693004C8838 /* KeepingYouAwake.app */,
			);
			name = Products;
			sourceTree = "<group>";
		};
		DA637B3B19F14693004C8838 /* KeepingYouAwake */ = {
			isa = PBXGroup;
			children = (
				DA637B4519F14693004C8838 /* MainMenu.xib */,
				DA637B4319F14693004C8838 /* Images.xcassets */,
				DA637B4019F14693004C8838 /* KYAAppDelegate.h */,
				DA637B4119F14693004C8838 /* KYAAppDelegate.m */,
				DA637B5C19F146B6004C8838 /* KYAAppController.h */,
				DA637B5D19F146B6004C8838 /* KYAAppController.m */,
				DAB268701A0D6BC600B58AD6 /* KYASleepWakeTimer.h */,
				DAB268711A0D6BC600B58AD6 /* KYASleepWakeTimer.m */,
				DA4919C51ACFFF8D00D44F6A /* Event Handler */,
				DA4919C61ACFFF9600D44F6A /* Extensions */,
			);
			path = KeepingYouAwake;
			sourceTree = "<group>";
		};
		DA637B3C19F14693004C8838 /* Supporting Files */ = {
			isa = PBXGroup;
			children = (
				DAD272581ACB21D000CDD620 /* Configuration.xcconfig */,
				DA637B3D19F14693004C8838 /* Info.plist */,
				DA637B3E19F14693004C8838 /* main.m */,
				DA787EF019F40B2E00D1476A /* Credits.rtf */,
			);
			name = "Supporting Files";
			path = KeepingYouAwake;
			sourceTree = "<group>";
		};
		DA66CF9F1A12A7D700336CDC /* Frameworks */ = {
			isa = PBXGroup;
			children = (
				DA7931C31A575C6000B6DEC4 /* Sparkle.framework */,
			);
			name = Frameworks;
			path = KeepingYouAwake;
			sourceTree = "<group>";
		};
/* End PBXGroup section */

/* Begin PBXNativeTarget section */
		DA637B3819F14693004C8838 /* KeepingYouAwake */ = {
			isa = PBXNativeTarget;
			buildConfigurationList = DA637B5619F14694004C8838 /* Build configuration list for PBXNativeTarget "KeepingYouAwake" */;
			buildPhases = (
				DA637B3519F14693004C8838 /* Sources */,
				DA637B3619F14693004C8838 /* Frameworks */,
				DA637B3719F14693004C8838 /* Resources */,
				DA4C74361A5763B000BE1BE1 /* Carthage Copy Frameworks */,
				DA8CB49F1A5767CC00BC6F73 /* Embed Frameworks */,
			);
			buildRules = (
			);
			dependencies = (
			);
			name = KeepingYouAwake;
			productName = KeepingYouAwake;
			productReference = DA637B3919F14693004C8838 /* KeepingYouAwake.app */;
			productType = "com.apple.product-type.application";
		};
/* End PBXNativeTarget section */

/* Begin PBXProject section */
		DA637B3119F14693004C8838 /* Project object */ = {
			isa = PBXProject;
			attributes = {
				LastUpgradeCheck = 0600;
				ORGANIZATIONNAME = "Marcel Dierkes";
				TargetAttributes = {
					DA637B3819F14693004C8838 = {
						CreatedOnToolsVersion = 6.0.1;
						DevelopmentTeam = 5KESHV9W85;
					};
				};
			};
			buildConfigurationList = DA637B3419F14693004C8838 /* Build configuration list for PBXProject "KeepingYouAwake" */;
			compatibilityVersion = "Xcode 3.2";
			developmentRegion = English;
			hasScannedForEncodings = 0;
			knownRegions = (
				en,
				Base,
				ar,
				ca,
				cs,
				cy,
				da,
				de,
				el,
				es,
				fi,
				fr,
				he,
				hu,
				id,
				is,
				it,
				ja,
				ko,
				nb,
				nl,
				no,
				pl,
				pt_BR,
				pt_PT,
				ro,
				ru,
				sk,
				sl,
				sv,
				th,
				tr,
				uk,
				zh_CN,
				zh_TW,
			);
			mainGroup = DA637B3019F14693004C8838;
			productRefGroup = DA637B3A19F14693004C8838 /* Products */;
			projectDirPath = "";
			projectRoot = "";
			targets = (
				DA637B3819F14693004C8838 /* KeepingYouAwake */,
			);
		};
/* End PBXProject section */

/* Begin PBXResourcesBuildPhase section */
		DA637B3719F14693004C8838 /* Resources */ = {
			isa = PBXResourcesBuildPhase;
			buildActionMask = 2147483647;
			files = (
				DA637B4419F14693004C8838 /* Images.xcassets in Resources */,
				DA787EF119F40B2E00D1476A /* Credits.rtf in Resources */,
				DA637B4719F14693004C8838 /* MainMenu.xib in Resources */,
			);
			runOnlyForDeploymentPostprocessing = 0;
		};
/* End PBXResourcesBuildPhase section */

/* Begin PBXShellScriptBuildPhase section */
		DA4C74361A5763B000BE1BE1 /* Carthage Copy Frameworks */ = {
			isa = PBXShellScriptBuildPhase;
			buildActionMask = 2147483647;
			files = (
			);
			inputPaths = (
				"$(SRCROOT)/Carthage/Build/Mac/Sparkle.framework",
			);
			name = "Carthage Copy Frameworks";
			outputPaths = (
			);
			runOnlyForDeploymentPostprocessing = 0;
			shellPath = /bin/sh;
			shellScript = /usr/local/bin/carthage;
		};
/* End PBXShellScriptBuildPhase section */

/* Begin PBXSourcesBuildPhase section */
		DA637B3519F14693004C8838 /* Sources */ = {
			isa = PBXSourcesBuildPhase;
			buildActionMask = 2147483647;
			files = (
				DA5665A919FADED200B923FB /* NSApplication+LoginItem.m in Sources */,
				DA637B4219F14693004C8838 /* KYAAppDelegate.m in Sources */,
				DA5A50941ACC5C5400A444C8 /* KYAEvent.m in Sources */,
				DA637B5E19F146B6004C8838 /* KYAAppController.m in Sources */,
				DAB268721A0D6BC600B58AD6 /* KYASleepWakeTimer.m in Sources */,
				DA637B3F19F14693004C8838 /* main.m in Sources */,
				DAD2725B1ACB266800CDD620 /* KYAEventHandler.m in Sources */,
			);
			runOnlyForDeploymentPostprocessing = 0;
		};
/* End PBXSourcesBuildPhase section */

/* Begin PBXVariantGroup section */
		DA637B4519F14693004C8838 /* MainMenu.xib */ = {
			isa = PBXVariantGroup;
			children = (
				DA637B4619F14693004C8838 /* Base */,
			);
			name = MainMenu.xib;
			sourceTree = "<group>";
		};
/* End PBXVariantGroup section */

/* Begin XCBuildConfiguration section */
		DA637B5419F14694004C8838 /* Debug */ = {
			isa = XCBuildConfiguration;
			baseConfigurationReference = DAD272581ACB21D000CDD620 /* Configuration.xcconfig */;
			buildSettings = {
				ALWAYS_SEARCH_USER_PATHS = NO;
				CLANG_CXX_LANGUAGE_STANDARD = "gnu++0x";
				CLANG_CXX_LIBRARY = "libc++";
				CLANG_ENABLE_MODULES = YES;
				CLANG_ENABLE_OBJC_ARC = YES;
				CLANG_WARN_BOOL_CONVERSION = YES;
				CLANG_WARN_CONSTANT_CONVERSION = YES;
				CLANG_WARN_DIRECT_OBJC_ISA_USAGE = YES_ERROR;
				CLANG_WARN_EMPTY_BODY = YES;
				CLANG_WARN_ENUM_CONVERSION = YES;
				CLANG_WARN_INT_CONVERSION = YES;
				CLANG_WARN_OBJC_ROOT_CLASS = YES_ERROR;
				CLANG_WARN_UNREACHABLE_CODE = YES;
				CLANG_WARN__DUPLICATE_METHOD_MATCH = YES;
				CODE_SIGN_IDENTITY = "Developer ID Application";
				COPY_PHASE_STRIP = NO;
				ENABLE_STRICT_OBJC_MSGSEND = YES;
				GCC_C_LANGUAGE_STANDARD = gnu99;
				GCC_DYNAMIC_NO_PIC = NO;
				GCC_OPTIMIZATION_LEVEL = 0;
				GCC_PREPROCESSOR_DEFINITIONS = (
					"DEBUG=1",
					"$(inherited)",
				);
				GCC_SYMBOLS_PRIVATE_EXTERN = NO;
				GCC_WARN_64_TO_32_BIT_CONVERSION = YES;
				GCC_WARN_ABOUT_RETURN_TYPE = YES_ERROR;
				GCC_WARN_UNDECLARED_SELECTOR = YES;
				GCC_WARN_UNINITIALIZED_AUTOS = YES_AGGRESSIVE;
				GCC_WARN_UNUSED_FUNCTION = YES;
				GCC_WARN_UNUSED_VARIABLE = YES;
				MACOSX_DEPLOYMENT_TARGET = 10.10;
				MTL_ENABLE_DEBUG_INFO = YES;
				ONLY_ACTIVE_ARCH = YES;
				OTHER_LDFLAGS = "-Wl,-rpath,@loader_path/../Frameworks";
				SDKROOT = macosx;
			};
			name = Debug;
		};
		DA637B5519F14694004C8838 /* Release */ = {
			isa = XCBuildConfiguration;
			baseConfigurationReference = DAD272581ACB21D000CDD620 /* Configuration.xcconfig */;
			buildSettings = {
				ALWAYS_SEARCH_USER_PATHS = NO;
				CLANG_CXX_LANGUAGE_STANDARD = "gnu++0x";
				CLANG_CXX_LIBRARY = "libc++";
				CLANG_ENABLE_MODULES = YES;
				CLANG_ENABLE_OBJC_ARC = YES;
				CLANG_WARN_BOOL_CONVERSION = YES;
				CLANG_WARN_CONSTANT_CONVERSION = YES;
				CLANG_WARN_DIRECT_OBJC_ISA_USAGE = YES_ERROR;
				CLANG_WARN_EMPTY_BODY = YES;
				CLANG_WARN_ENUM_CONVERSION = YES;
				CLANG_WARN_INT_CONVERSION = YES;
				CLANG_WARN_OBJC_ROOT_CLASS = YES_ERROR;
				CLANG_WARN_UNREACHABLE_CODE = YES;
				CLANG_WARN__DUPLICATE_METHOD_MATCH = YES;
				CODE_SIGN_IDENTITY = "Developer ID Application";
				COPY_PHASE_STRIP = YES;
				DEBUG_INFORMATION_FORMAT = "dwarf-with-dsym";
				ENABLE_NS_ASSERTIONS = NO;
				ENABLE_STRICT_OBJC_MSGSEND = YES;
				GCC_C_LANGUAGE_STANDARD = gnu99;
				GCC_WARN_64_TO_32_BIT_CONVERSION = YES;
				GCC_WARN_ABOUT_RETURN_TYPE = YES_ERROR;
				GCC_WARN_UNDECLARED_SELECTOR = YES;
				GCC_WARN_UNINITIALIZED_AUTOS = YES_AGGRESSIVE;
				GCC_WARN_UNUSED_FUNCTION = YES;
				GCC_WARN_UNUSED_VARIABLE = YES;
				MACOSX_DEPLOYMENT_TARGET = 10.10;
				MTL_ENABLE_DEBUG_INFO = NO;
				OTHER_LDFLAGS = "-Wl,-rpath,@loader_path/../Frameworks";
				SDKROOT = macosx;
			};
			name = Release;
		};
		DA637B5719F14694004C8838 /* Debug */ = {
			isa = XCBuildConfiguration;
			buildSettings = {
				ASSETCATALOG_COMPILER_APPICON_NAME = AppIcon;
				COMBINE_HIDPI_IMAGES = YES;
				FRAMEWORK_SEARCH_PATHS = (
					"$(inherited)",
					"$(PROJECT_DIR)/Carthage/Build/Mac",
				);
				INFOPLIST_FILE = KeepingYouAwake/Info.plist;
				LD_RUNPATH_SEARCH_PATHS = "$(inherited) @executable_path/../Frameworks";
				PRODUCT_NAME = "$(TARGET_NAME)";
			};
			name = Debug;
		};
		DA637B5819F14694004C8838 /* Release */ = {
			isa = XCBuildConfiguration;
			buildSettings = {
				ASSETCATALOG_COMPILER_APPICON_NAME = AppIcon;
				COMBINE_HIDPI_IMAGES = YES;
				FRAMEWORK_SEARCH_PATHS = (
					"$(inherited)",
					"$(PROJECT_DIR)/Carthage/Build/Mac",
				);
				INFOPLIST_FILE = KeepingYouAwake/Info.plist;
				LD_RUNPATH_SEARCH_PATHS = "$(inherited) @executable_path/../Frameworks";
				PRODUCT_NAME = "$(TARGET_NAME)";
			};
			name = Release;
		};
/* End XCBuildConfiguration section */

/* Begin XCConfigurationList section */
		DA637B3419F14693004C8838 /* Build configuration list for PBXProject "KeepingYouAwake" */ = {
			isa = XCConfigurationList;
			buildConfigurations = (
				DA637B5419F14694004C8838 /* Debug */,
				DA637B5519F14694004C8838 /* Release */,
			);
			defaultConfigurationIsVisible = 0;
			defaultConfigurationName = Release;
		};
		DA637B5619F14694004C8838 /* Build configuration list for PBXNativeTarget "KeepingYouAwake" */ = {
			isa = XCConfigurationList;
			buildConfigurations = (
				DA637B5719F14694004C8838 /* Debug */,
				DA637B5819F14694004C8838 /* Release */,
			);
			defaultConfigurationIsVisible = 0;
			defaultConfigurationName = Release;
		};
/* End XCConfigurationList section */
	};
	rootObject = DA637B3119F14693004C8838 /* Project object */;
}
