// !$*UTF8*$!
{
	archiveVersion = 1;
	classes = {
	};
	objectVersion = 52;
	objects = {

/* Begin PBXBuildFile section */
		DA085D1021D6BAB6003D9B1B /* container-migration.plist in Resources */ = {isa = PBXBuildFile; fileRef = DA085D0F21D6BAB6003D9B1B /* container-migration.plist */; };
		DA13771A25E969FF00FB0FAD /* Assets.xcassets in Resources */ = {isa = PBXBuildFile; fileRef = DA13771925E969FF00FB0FAD /* Assets.xcassets */; };
		DA173B371F65B41B00932CE0 /* KYAStatusItemController.m in Sources */ = {isa = PBXBuildFile; fileRef = DA173B361F65B41B00932CE0 /* KYAStatusItemController.m */; };
		DA25063027C2486D0052CCD8 /* KYADeviceInfo in Frameworks */ = {isa = PBXBuildFile; productRef = DA25062F27C2486D0052CCD8 /* KYADeviceInfo */; };
		DA25063227C248710052CCD8 /* KYADeviceInfo in Frameworks */ = {isa = PBXBuildFile; productRef = DA25063127C248710052CCD8 /* KYADeviceInfo */; };
		DA2691D21B8231C700B15779 /* KYAMenuBarIcon.m in Sources */ = {isa = PBXBuildFile; fileRef = DA2691D11B8231C700B15779 /* KYAMenuBarIcon.m */; };
		DA2C0E342700629A006E9991 /* KYAAppUpdater.m in Sources */ = {isa = PBXBuildFile; fileRef = DA2C0E332700629A006E9991 /* KYAAppUpdater.m */; };
		DA2CCD5F26F8754C00568BDD /* KYAPreferencesContentViewController.m in Sources */ = {isa = PBXBuildFile; fileRef = DA2CCD5E26F8754C00568BDD /* KYAPreferencesContentViewController.m */; };
		DA4835F026F8CF100073A062 /* KYAAdvancedPreferencesViewController.xib in Resources */ = {isa = PBXBuildFile; fileRef = DA4835F226F8CF100073A062 /* KYAAdvancedPreferencesViewController.xib */; };
		DA52096327C6BE6400ECFDA6 /* KYAActivationDuration+KYALocalizedTitle.m in Sources */ = {isa = PBXBuildFile; fileRef = DA52096227C6BE6400ECFDA6 /* KYAActivationDuration+KYALocalizedTitle.m */; };
		DA52096427C6BE6400ECFDA6 /* KYAActivationDuration+KYALocalizedTitle.m in Sources */ = {isa = PBXBuildFile; fileRef = DA52096227C6BE6400ECFDA6 /* KYAActivationDuration+KYALocalizedTitle.m */; };
		DA52096627C6C56A00ECFDA6 /* KYAActivationDurations in Frameworks */ = {isa = PBXBuildFile; productRef = DA52096527C6C56A00ECFDA6 /* KYAActivationDurations */; };
		DA52096827C6C56F00ECFDA6 /* KYAActivationDurations in Frameworks */ = {isa = PBXBuildFile; productRef = DA52096727C6C56F00ECFDA6 /* KYAActivationDurations */; };
		DA52096A27C6C9B900ECFDA6 /* KYAApplicationSupport in Frameworks */ = {isa = PBXBuildFile; productRef = DA52096927C6C9B900ECFDA6 /* KYAApplicationSupport */; };
		DA52096C27C6C9BD00ECFDA6 /* KYAApplicationSupport in Frameworks */ = {isa = PBXBuildFile; productRef = DA52096B27C6C9BD00ECFDA6 /* KYAApplicationSupport */; };
		DA52097027C6CBC000ECFDA6 /* KYASleepWakeTimer in Frameworks */ = {isa = PBXBuildFile; productRef = DA52096F27C6CBC000ECFDA6 /* KYASleepWakeTimer */; };
		DA52097227C6CBC500ECFDA6 /* KYASleepWakeTimer in Frameworks */ = {isa = PBXBuildFile; productRef = DA52097127C6CBC500ECFDA6 /* KYASleepWakeTimer */; };
		DA52B1082617021500D09FE5 /* KYAActivationUserNotification.m in Sources */ = {isa = PBXBuildFile; fileRef = DA52B1062617021500D09FE5 /* KYAActivationUserNotification.m */; };
		DA54C12A1D69C55400AF9E9D /* Localizable.strings in Resources */ = {isa = PBXBuildFile; fileRef = DA54C12C1D69C55400AF9E9D /* Localizable.strings */; };
		DA54C1311D69CA0000AF9E9D /* InfoPlist.strings in Resources */ = {isa = PBXBuildFile; fileRef = DA54C1331D69CA0000AF9E9D /* InfoPlist.strings */; };
		DA56801B2115FF140039C979 /* KYAUpdatePreferencesViewController.m in Sources */ = {isa = PBXBuildFile; fileRef = DA5680192115FF140039C979 /* KYAUpdatePreferencesViewController.m */; };
		DA637B3F19F14693004C8838 /* main.m in Sources */ = {isa = PBXBuildFile; fileRef = DA637B3E19F14693004C8838 /* main.m */; };
		DA637B4219F14693004C8838 /* KYAAppDelegate.m in Sources */ = {isa = PBXBuildFile; fileRef = DA637B4119F14693004C8838 /* KYAAppDelegate.m */; };
		DA637B5E19F146B6004C8838 /* KYAAppController.m in Sources */ = {isa = PBXBuildFile; fileRef = DA637B5D19F146B6004C8838 /* KYAAppController.m */; };
		DA658E7121CE907D0049F4C1 /* Assets.xcassets in Resources */ = {isa = PBXBuildFile; fileRef = DA658E7021CE907D0049F4C1 /* Assets.xcassets */; };
		DA658E7721CE907D0049F4C1 /* main.m in Sources */ = {isa = PBXBuildFile; fileRef = DA658E7621CE907D0049F4C1 /* main.m */; };
		DA658E7D21CE90F30049F4C1 /* MainMenu.xib in Resources */ = {isa = PBXBuildFile; fileRef = DA658E7C21CE90F30049F4C1 /* MainMenu.xib */; };
		DA658E8021CE91540049F4C1 /* KYAAppDelegate.m in Sources */ = {isa = PBXBuildFile; fileRef = DA658E7F21CE91540049F4C1 /* KYAAppDelegate.m */; };
		DA658E8421CE93310049F4C1 /* KeepingYouAwake Launcher.app in Embed Launcher */ = {isa = PBXBuildFile; fileRef = DA658E6B21CE907B0049F4C1 /* KeepingYouAwake Launcher.app */; settings = {ATTRIBUTES = (RemoveHeadersOnCopy, ); }; };
		DA7B53061E16999A00D89A12 /* KYAPreferencesWindowController.m in Sources */ = {isa = PBXBuildFile; fileRef = DA7B53051E16999A00D89A12 /* KYAPreferencesWindowController.m */; };
		DA82560D22FB5AFC005ECB3A /* KYAActivationDurationsMenuController.m in Sources */ = {isa = PBXBuildFile; fileRef = DA82560C22FB5AFC005ECB3A /* KYAActivationDurationsMenuController.m */; };
		DA82B1161C2426E400FA46E0 /* KYAGeneralPreferencesViewController.m in Sources */ = {isa = PBXBuildFile; fileRef = DA82B1151C2426E400FA46E0 /* KYAGeneralPreferencesViewController.m */; };
		DA987C9C22FC749D00DD476B /* KYAAddDurationPreferencesViewController.m in Sources */ = {isa = PBXBuildFile; fileRef = DA987C9B22FC749D00DD476B /* KYAAddDurationPreferencesViewController.m */; };
		DA9A4FE6261631D700C672C4 /* KYALocalizedStrings.m in Sources */ = {isa = PBXBuildFile; fileRef = DA9A4FE5261631D700C672C4 /* KYALocalizedStrings.m */; };
		DAB0700A22EC794F004D5BCA /* KYADurationCell.m in Sources */ = {isa = PBXBuildFile; fileRef = DAB0700922EC794F004D5BCA /* KYADurationCell.m */; };
		DAB0700C22EC795F004D5BCA /* KYADurationCell.xib in Resources */ = {isa = PBXBuildFile; fileRef = DAB0700B22EC795F004D5BCA /* KYADurationCell.xib */; };
		DAB0701022EC8E6B004D5BCA /* KYADurationPreferencesViewController.m in Sources */ = {isa = PBXBuildFile; fileRef = DAB0700E22EC8E6B004D5BCA /* KYADurationPreferencesViewController.m */; };
		DAB128691C2453F600831045 /* KYAAdvancedPreferencesViewController.m in Sources */ = {isa = PBXBuildFile; fileRef = DAB128681C2453F600831045 /* KYAAdvancedPreferencesViewController.m */; };
		DAB1286C1C24540200831045 /* KYAAboutPreferencesViewController.m in Sources */ = {isa = PBXBuildFile; fileRef = DAB1286B1C24540200831045 /* KYAAboutPreferencesViewController.m */; };
		DAB128731C2469F300831045 /* Credits.rtf in Resources */ = {isa = PBXBuildFile; fileRef = DAB1286D1C245A6C00831045 /* Credits.rtf */; };
		DAB128761C2493DB00831045 /* KYAPreference.m in Sources */ = {isa = PBXBuildFile; fileRef = DAB128751C2493DB00831045 /* KYAPreference.m */; };
		DACF2FC727C2657800856FEC /* KYAUserNotifications in Frameworks */ = {isa = PBXBuildFile; productRef = DACF2FC627C2657800856FEC /* KYAUserNotifications */; };
		DACF2FC927C2657C00856FEC /* KYAUserNotifications in Frameworks */ = {isa = PBXBuildFile; productRef = DACF2FC827C2657C00856FEC /* KYAUserNotifications */; };
		DACF2FCB27C271B600856FEC /* KYAApplicationEvents in Frameworks */ = {isa = PBXBuildFile; productRef = DACF2FCA27C271B600856FEC /* KYAApplicationEvents */; };
		DACF2FCD27C271BA00856FEC /* KYAApplicationEvents in Frameworks */ = {isa = PBXBuildFile; productRef = DACF2FCC27C271BA00856FEC /* KYAApplicationEvents */; };
		DAD3CF5C271186720006CA14 /* KYAAddDurationPreferencesViewController.m in Sources */ = {isa = PBXBuildFile; fileRef = DA987C9B22FC749D00DD476B /* KYAAddDurationPreferencesViewController.m */; };
		DAD3CF5D271186720006CA14 /* KYAUpdatePreferencesViewController.m in Sources */ = {isa = PBXBuildFile; fileRef = DA5680192115FF140039C979 /* KYAUpdatePreferencesViewController.m */; };
		DAD3CF5E271186720006CA14 /* KYAPreferencesWindowController.m in Sources */ = {isa = PBXBuildFile; fileRef = DA7B53051E16999A00D89A12 /* KYAPreferencesWindowController.m */; };
		DAD3CF5F271186720006CA14 /* KYAAppDelegate.m in Sources */ = {isa = PBXBuildFile; fileRef = DA637B4119F14693004C8838 /* KYAAppDelegate.m */; };
		DAD3CF60271186720006CA14 /* KYAAppUpdater.m in Sources */ = {isa = PBXBuildFile; fileRef = DA2C0E332700629A006E9991 /* KYAAppUpdater.m */; };
		DAD3CF61271186720006CA14 /* KYADurationPreferencesViewController.m in Sources */ = {isa = PBXBuildFile; fileRef = DAB0700E22EC8E6B004D5BCA /* KYADurationPreferencesViewController.m */; };
		DAD3CF62271186720006CA14 /* KYAActivationDurationsMenuController.m in Sources */ = {isa = PBXBuildFile; fileRef = DA82560C22FB5AFC005ECB3A /* KYAActivationDurationsMenuController.m */; };
		DAD3CF63271186720006CA14 /* KYAActivationUserNotification.m in Sources */ = {isa = PBXBuildFile; fileRef = DA52B1062617021500D09FE5 /* KYAActivationUserNotification.m */; };
		DAD3CF64271186720006CA14 /* KYALocalizedStrings.m in Sources */ = {isa = PBXBuildFile; fileRef = DA9A4FE5261631D700C672C4 /* KYALocalizedStrings.m */; };
		DAD3CF65271186720006CA14 /* KYAGeneralPreferencesViewController.m in Sources */ = {isa = PBXBuildFile; fileRef = DA82B1151C2426E400FA46E0 /* KYAGeneralPreferencesViewController.m */; };
		DAD3CF66271186720006CA14 /* KYADurationCell.m in Sources */ = {isa = PBXBuildFile; fileRef = DAB0700922EC794F004D5BCA /* KYADurationCell.m */; };
		DAD3CF67271186720006CA14 /* KYAMenuBarIcon.m in Sources */ = {isa = PBXBuildFile; fileRef = DA2691D11B8231C700B15779 /* KYAMenuBarIcon.m */; };
		DAD3CF68271186720006CA14 /* KYAPreference.m in Sources */ = {isa = PBXBuildFile; fileRef = DAB128751C2493DB00831045 /* KYAPreference.m */; };
		DAD3CF69271186720006CA14 /* KYAAdvancedPreferencesViewController.m in Sources */ = {isa = PBXBuildFile; fileRef = DAB128681C2453F600831045 /* KYAAdvancedPreferencesViewController.m */; };
		DAD3CF6A271186720006CA14 /* KYAAboutPreferencesViewController.m in Sources */ = {isa = PBXBuildFile; fileRef = DAB1286B1C24540200831045 /* KYAAboutPreferencesViewController.m */; };
		DAD3CF6B271186720006CA14 /* KYAAppController.m in Sources */ = {isa = PBXBuildFile; fileRef = DA637B5D19F146B6004C8838 /* KYAAppController.m */; };
		DAD3CF6C271186720006CA14 /* KYAPreferencesContentViewController.m in Sources */ = {isa = PBXBuildFile; fileRef = DA2CCD5E26F8754C00568BDD /* KYAPreferencesContentViewController.m */; };
		DAD3CF6D271186720006CA14 /* main.m in Sources */ = {isa = PBXBuildFile; fileRef = DA637B3E19F14693004C8838 /* main.m */; };
		DAD3CF6E271186720006CA14 /* KYAStatusItemController.m in Sources */ = {isa = PBXBuildFile; fileRef = DA173B361F65B41B00932CE0 /* KYAStatusItemController.m */; };
		DAD3CF73271186720006CA14 /* KYAAdvancedPreferencesViewController.xib in Resources */ = {isa = PBXBuildFile; fileRef = DA4835F226F8CF100073A062 /* KYAAdvancedPreferencesViewController.xib */; };
		DAD3CF74271186720006CA14 /* InfoPlist.strings in Resources */ = {isa = PBXBuildFile; fileRef = DA54C1331D69CA0000AF9E9D /* InfoPlist.strings */; };
		DAD3CF75271186720006CA14 /* KYAPreferences.strings in Resources */ = {isa = PBXBuildFile; fileRef = DAD9831B26F8883E00234FB8 /* KYAPreferences.strings */; };
		DAD3CF76271186720006CA14 /* Localizable.strings in Resources */ = {isa = PBXBuildFile; fileRef = DA54C12C1D69C55400AF9E9D /* Localizable.strings */; };
		DAD3CF77271186720006CA14 /* Credits.rtf in Resources */ = {isa = PBXBuildFile; fileRef = DAB1286D1C245A6C00831045 /* Credits.rtf */; };
		DAD3CF78271186720006CA14 /* KYAAboutPreferencesViewController.xib in Resources */ = {isa = PBXBuildFile; fileRef = DAD9834826F8A9AE00234FB8 /* KYAAboutPreferencesViewController.xib */; };
		DAD3CF7A271186720006CA14 /* container-migration.plist in Resources */ = {isa = PBXBuildFile; fileRef = DA085D0F21D6BAB6003D9B1B /* container-migration.plist */; };
		DAD3CF7B271186720006CA14 /* KYAAddDurationPreferencesViewController.xib in Resources */ = {isa = PBXBuildFile; fileRef = DAD983A926F9C46600234FB8 /* KYAAddDurationPreferencesViewController.xib */; };
		DAD3CF7C271186720006CA14 /* Assets.xcassets in Resources */ = {isa = PBXBuildFile; fileRef = DA13771925E969FF00FB0FAD /* Assets.xcassets */; };
		DAD3CF7D271186720006CA14 /* KYAUpdatePreferencesViewController.xib in Resources */ = {isa = PBXBuildFile; fileRef = DAD9834E26F8BB0500234FB8 /* KYAUpdatePreferencesViewController.xib */; };
		DAD3CF7E271186720006CA14 /* KYADurationPreferencesViewController.xib in Resources */ = {isa = PBXBuildFile; fileRef = DAD9838C26F9037900234FB8 /* KYADurationPreferencesViewController.xib */; };
		DAD3CF7F271186720006CA14 /* KYAGeneralPreferencesViewController.xib in Resources */ = {isa = PBXBuildFile; fileRef = DAD982FA26F8849A00234FB8 /* KYAGeneralPreferencesViewController.xib */; };
		DAD3CF80271186720006CA14 /* KYAPreferencesWindowController.xib in Resources */ = {isa = PBXBuildFile; fileRef = DAD983C526F9C82900234FB8 /* KYAPreferencesWindowController.xib */; };
		DAD3CF81271186720006CA14 /* KYADurationCell.xib in Resources */ = {isa = PBXBuildFile; fileRef = DAB0700B22EC795F004D5BCA /* KYADurationCell.xib */; };
		DAD3CF86271186720006CA14 /* KeepingYouAwake Launcher.app in Embed Launcher */ = {isa = PBXBuildFile; fileRef = DA658E6B21CE907B0049F4C1 /* KeepingYouAwake Launcher.app */; settings = {ATTRIBUTES = (RemoveHeadersOnCopy, ); }; };
		DAD68A7C27C957B30036ED19 /* MainMenu.xib in Resources */ = {isa = PBXBuildFile; fileRef = DAD68A7B27C957B30036ED19 /* MainMenu.xib */; };
		DAD68A7D27C957B30036ED19 /* MainMenu.xib in Resources */ = {isa = PBXBuildFile; fileRef = DAD68A7B27C957B30036ED19 /* MainMenu.xib */; };
		DAD68A8127C957E20036ED19 /* KYAMainMenu.m in Sources */ = {isa = PBXBuildFile; fileRef = DAD68A8027C957E20036ED19 /* KYAMainMenu.m */; };
		DAD68A8227C957E20036ED19 /* KYAMainMenu.m in Sources */ = {isa = PBXBuildFile; fileRef = DAD68A8027C957E20036ED19 /* KYAMainMenu.m */; };
		DAD982F826F8849A00234FB8 /* KYAGeneralPreferencesViewController.xib in Resources */ = {isa = PBXBuildFile; fileRef = DAD982FA26F8849A00234FB8 /* KYAGeneralPreferencesViewController.xib */; };
		DAD9831926F8883E00234FB8 /* KYAPreferences.strings in Resources */ = {isa = PBXBuildFile; fileRef = DAD9831B26F8883E00234FB8 /* KYAPreferences.strings */; };
		DAD9834926F8A9AE00234FB8 /* KYAAboutPreferencesViewController.xib in Resources */ = {isa = PBXBuildFile; fileRef = DAD9834826F8A9AE00234FB8 /* KYAAboutPreferencesViewController.xib */; };
		DAD9834C26F8BB0500234FB8 /* KYAUpdatePreferencesViewController.xib in Resources */ = {isa = PBXBuildFile; fileRef = DAD9834E26F8BB0500234FB8 /* KYAUpdatePreferencesViewController.xib */; };
		DAD9838A26F9037900234FB8 /* KYADurationPreferencesViewController.xib in Resources */ = {isa = PBXBuildFile; fileRef = DAD9838C26F9037900234FB8 /* KYADurationPreferencesViewController.xib */; };
		DAD983A726F9C46600234FB8 /* KYAAddDurationPreferencesViewController.xib in Resources */ = {isa = PBXBuildFile; fileRef = DAD983A926F9C46600234FB8 /* KYAAddDurationPreferencesViewController.xib */; };
		DAD983C626F9C82900234FB8 /* KYAPreferencesWindowController.xib in Resources */ = {isa = PBXBuildFile; fileRef = DAD983C526F9C82900234FB8 /* KYAPreferencesWindowController.xib */; };
		DAEF160C277C67D800EA9478 /* Sparkle in Frameworks */ = {isa = PBXBuildFile; productRef = DAEF160B277C67D800EA9478 /* Sparkle */; };
/* End PBXBuildFile section */

/* Begin PBXContainerItemProxy section */
		DA87FF5E21D42525009045F3 /* PBXContainerItemProxy */ = {
			isa = PBXContainerItemProxy;
			containerPortal = DA637B3119F14693004C8838 /* Project object */;
			proxyType = 1;
			remoteGlobalIDString = DA658E6A21CE907B0049F4C1;
			remoteInfo = "KeepingYouAwake Launcher";
		};
		DAD3CF58271186720006CA14 /* PBXContainerItemProxy */ = {
			isa = PBXContainerItemProxy;
			containerPortal = DA637B3119F14693004C8838 /* Project object */;
			proxyType = 1;
			remoteGlobalIDString = DA658E6A21CE907B0049F4C1;
			remoteInfo = "KeepingYouAwake Launcher";
		};
/* End PBXContainerItemProxy section */

/* Begin PBXCopyFilesBuildPhase section */
		DA658E8321CE93120049F4C1 /* Embed Launcher */ = {
			isa = PBXCopyFilesBuildPhase;
			buildActionMask = 2147483647;
			dstPath = Contents/Library/LoginItems;
			dstSubfolderSpec = 1;
			files = (
				DA658E8421CE93310049F4C1 /* KeepingYouAwake Launcher.app in Embed Launcher */,
			);
			name = "Embed Launcher";
			runOnlyForDeploymentPostprocessing = 0;
		};
		DA8CB49F1A5767CC00BC6F73 /* Embed Frameworks */ = {
			isa = PBXCopyFilesBuildPhase;
			buildActionMask = 2147483647;
			dstPath = "";
			dstSubfolderSpec = 10;
			files = (
			);
			name = "Embed Frameworks";
			runOnlyForDeploymentPostprocessing = 0;
		};
		DAD3CF82271186720006CA14 /* Embed Frameworks */ = {
			isa = PBXCopyFilesBuildPhase;
			buildActionMask = 2147483647;
			dstPath = "";
			dstSubfolderSpec = 10;
			files = (
			);
			name = "Embed Frameworks";
			runOnlyForDeploymentPostprocessing = 0;
		};
		DAD3CF85271186720006CA14 /* Embed Launcher */ = {
			isa = PBXCopyFilesBuildPhase;
			buildActionMask = 2147483647;
			dstPath = Contents/Library/LoginItems;
			dstSubfolderSpec = 1;
			files = (
				DAD3CF86271186720006CA14 /* KeepingYouAwake Launcher.app in Embed Launcher */,
			);
			name = "Embed Launcher";
			runOnlyForDeploymentPostprocessing = 0;
		};
/* End PBXCopyFilesBuildPhase section */

/* Begin PBXFileReference section */
		2EB97EED1D69FD8800BA63A0 /* fr */ = {isa = PBXFileReference; lastKnownFileType = text.plist.strings; name = fr; path = fr.lproj/Localizable.strings; sourceTree = "<group>"; };
		2EB97EEE1D69FD8900BA63A0 /* fr */ = {isa = PBXFileReference; lastKnownFileType = text.plist.strings; name = fr; path = fr.lproj/InfoPlist.strings; sourceTree = "<group>"; };
		7C4C3DA327B2DCE700A47FE5 /* uk */ = {isa = PBXFileReference; lastKnownFileType = text.plist.strings; name = uk; path = uk.lproj/KYAGeneralPreferencesViewController.strings; sourceTree = "<group>"; };
		7C4C3DA427B2DCE700A47FE5 /* uk */ = {isa = PBXFileReference; lastKnownFileType = text.plist.strings; name = uk; path = uk.lproj/KYADurationPreferencesViewController.strings; sourceTree = "<group>"; };
		7C4C3DA527B2DCE700A47FE5 /* uk */ = {isa = PBXFileReference; lastKnownFileType = text.plist.strings; name = uk; path = uk.lproj/KYAAddDurationPreferencesViewController.strings; sourceTree = "<group>"; };
		7C4C3DA627B2DCE700A47FE5 /* uk */ = {isa = PBXFileReference; lastKnownFileType = text.plist.strings; name = uk; path = uk.lproj/KYAAdvancedPreferencesViewController.strings; sourceTree = "<group>"; };
		7C4C3DA727B2DCE700A47FE5 /* uk */ = {isa = PBXFileReference; lastKnownFileType = text.plist.strings; name = uk; path = uk.lproj/KYAUpdatePreferencesViewController.strings; sourceTree = "<group>"; };
		7C4C3DA827B2DCE700A47FE5 /* uk */ = {isa = PBXFileReference; lastKnownFileType = text.plist.strings; name = uk; path = uk.lproj/KYAPreferences.strings; sourceTree = "<group>"; };
		7C4C3DA927B2DCE700A47FE5 /* uk */ = {isa = PBXFileReference; lastKnownFileType = text.plist.strings; name = uk; path = uk.lproj/InfoPlist.strings; sourceTree = "<group>"; };
		7C4C3DAA27B2DCE700A47FE5 /* uk */ = {isa = PBXFileReference; lastKnownFileType = text.plist.strings; name = uk; path = uk.lproj/Localizable.strings; sourceTree = "<group>"; };
		8F6945C71DB7A87C0059C386 /* ko */ = {isa = PBXFileReference; lastKnownFileType = text.plist.strings; name = ko; path = ko.lproj/InfoPlist.strings; sourceTree = "<group>"; };
		8F6945C81DB7A87D0059C386 /* ko */ = {isa = PBXFileReference; lastKnownFileType = text.plist.strings; name = ko; path = ko.lproj/Localizable.strings; sourceTree = "<group>"; };
		DA085D0F21D6BAB6003D9B1B /* container-migration.plist */ = {isa = PBXFileReference; fileEncoding = 4; lastKnownFileType = text.plist.xml; path = "container-migration.plist"; sourceTree = "<group>"; };
		DA0CA9FE21D0111600879C8B /* KeepingYouAwake.entitlements */ = {isa = PBXFileReference; lastKnownFileType = text.plist.entitlements; path = KeepingYouAwake.entitlements; sourceTree = "<group>"; };
		DA13771925E969FF00FB0FAD /* Assets.xcassets */ = {isa = PBXFileReference; lastKnownFileType = folder.assetcatalog; path = Assets.xcassets; sourceTree = "<group>"; };
		DA173B351F65B41B00932CE0 /* KYAStatusItemController.h */ = {isa = PBXFileReference; lastKnownFileType = sourcecode.c.h; path = KYAStatusItemController.h; sourceTree = "<group>"; };
		DA173B361F65B41B00932CE0 /* KYAStatusItemController.m */ = {isa = PBXFileReference; lastKnownFileType = sourcecode.c.objc; path = KYAStatusItemController.m; sourceTree = "<group>"; };
		DA249E281F9B7211006BCD2C /* KYADefines.h */ = {isa = PBXFileReference; lastKnownFileType = sourcecode.c.h; path = KYADefines.h; sourceTree = "<group>"; };
		DA2691D01B8231C700B15779 /* KYAMenuBarIcon.h */ = {isa = PBXFileReference; fileEncoding = 4; lastKnownFileType = sourcecode.c.h; path = KYAMenuBarIcon.h; sourceTree = "<group>"; };
		DA2691D11B8231C700B15779 /* KYAMenuBarIcon.m */ = {isa = PBXFileReference; fileEncoding = 4; lastKnownFileType = sourcecode.c.objc; path = KYAMenuBarIcon.m; sourceTree = "<group>"; };
		DA2C0E322700629A006E9991 /* KYAAppUpdater.h */ = {isa = PBXFileReference; lastKnownFileType = sourcecode.c.h; path = KYAAppUpdater.h; sourceTree = "<group>"; };
		DA2C0E332700629A006E9991 /* KYAAppUpdater.m */ = {isa = PBXFileReference; lastKnownFileType = sourcecode.c.objc; path = KYAAppUpdater.m; sourceTree = "<group>"; };
		DA2CCD5D26F8754C00568BDD /* KYAPreferencesContentViewController.h */ = {isa = PBXFileReference; lastKnownFileType = sourcecode.c.h; path = KYAPreferencesContentViewController.h; sourceTree = "<group>"; };
		DA2CCD5E26F8754C00568BDD /* KYAPreferencesContentViewController.m */ = {isa = PBXFileReference; lastKnownFileType = sourcecode.c.objc; path = KYAPreferencesContentViewController.m; sourceTree = "<group>"; };
		DA2CCD6326F87A4500568BDD /* KYAPreferencesContentViewControllers.h */ = {isa = PBXFileReference; lastKnownFileType = sourcecode.c.h; path = KYAPreferencesContentViewControllers.h; sourceTree = "<group>"; };
		DA4121721F5C07140083B6E6 /* zh */ = {isa = PBXFileReference; lastKnownFileType = text.plist.strings; name = zh; path = zh.lproj/Localizable.strings; sourceTree = "<group>"; };
		DA4121731F5C07140083B6E6 /* zh */ = {isa = PBXFileReference; lastKnownFileType = text.plist.strings; name = zh; path = zh.lproj/InfoPlist.strings; sourceTree = "<group>"; };
		DA4835F126F8CF100073A062 /* Base */ = {isa = PBXFileReference; lastKnownFileType = file.xib; name = Base; path = Base.lproj/KYAAdvancedPreferencesViewController.xib; sourceTree = "<group>"; };
		DA4835F426F8CF160073A062 /* zh */ = {isa = PBXFileReference; lastKnownFileType = text.plist.strings; name = zh; path = zh.lproj/KYAAdvancedPreferencesViewController.strings; sourceTree = "<group>"; };
		DA4835F626F8CF810073A062 /* zh-Hant-TW */ = {isa = PBXFileReference; lastKnownFileType = text.plist.strings; name = "zh-Hant-TW"; path = "zh-Hant-TW.lproj/KYAAdvancedPreferencesViewController.strings"; sourceTree = "<group>"; };
		DA4835F826F8CFCC0073A062 /* da */ = {isa = PBXFileReference; lastKnownFileType = text.plist.strings; name = da; path = da.lproj/KYAAdvancedPreferencesViewController.strings; sourceTree = "<group>"; };
		DA4835FA26F8CFD20073A062 /* nl */ = {isa = PBXFileReference; lastKnownFileType = text.plist.strings; name = nl; path = nl.lproj/KYAAdvancedPreferencesViewController.strings; sourceTree = "<group>"; };
		DA4835FC26F8D0710073A062 /* fr */ = {isa = PBXFileReference; lastKnownFileType = text.plist.strings; name = fr; path = fr.lproj/KYAAdvancedPreferencesViewController.strings; sourceTree = "<group>"; };
		DA4835FE26F8D0770073A062 /* de */ = {isa = PBXFileReference; lastKnownFileType = text.plist.strings; name = de; path = de.lproj/KYAAdvancedPreferencesViewController.strings; sourceTree = "<group>"; };
		DA48360026F8D1650073A062 /* id */ = {isa = PBXFileReference; lastKnownFileType = text.plist.strings; name = id; path = id.lproj/KYAAdvancedPreferencesViewController.strings; sourceTree = "<group>"; };
		DA48360226F8D1B10073A062 /* ko */ = {isa = PBXFileReference; lastKnownFileType = text.plist.strings; name = ko; path = ko.lproj/KYAAdvancedPreferencesViewController.strings; sourceTree = "<group>"; };
		DA48360426F8D2020073A062 /* pl */ = {isa = PBXFileReference; lastKnownFileType = text.plist.strings; name = pl; path = pl.lproj/KYAAdvancedPreferencesViewController.strings; sourceTree = "<group>"; };
		DA48360626F8D23C0073A062 /* pt */ = {isa = PBXFileReference; lastKnownFileType = text.plist.strings; name = pt; path = pt.lproj/KYAAdvancedPreferencesViewController.strings; sourceTree = "<group>"; };
		DA48360826F8D2740073A062 /* ru */ = {isa = PBXFileReference; lastKnownFileType = text.plist.strings; name = ru; path = ru.lproj/KYAAdvancedPreferencesViewController.strings; sourceTree = "<group>"; };
		DA48360A26F8D2BC0073A062 /* es */ = {isa = PBXFileReference; lastKnownFileType = text.plist.strings; name = es; path = es.lproj/KYAAdvancedPreferencesViewController.strings; sourceTree = "<group>"; };
		DA48360C26F8D2F40073A062 /* tr */ = {isa = PBXFileReference; lastKnownFileType = text.plist.strings; name = tr; path = tr.lproj/KYAAdvancedPreferencesViewController.strings; sourceTree = "<group>"; };
		DA51141D1E214E1600635931 /* nl */ = {isa = PBXFileReference; lastKnownFileType = text.plist.strings; name = nl; path = nl.lproj/Localizable.strings; sourceTree = "<group>"; };
		DA51141E1E214E1600635931 /* nl */ = {isa = PBXFileReference; lastKnownFileType = text.plist.strings; name = nl; path = nl.lproj/InfoPlist.strings; sourceTree = "<group>"; };
		DA52096127C6BE6400ECFDA6 /* KYAActivationDuration+KYALocalizedTitle.h */ = {isa = PBXFileReference; lastKnownFileType = sourcecode.c.h; path = "KYAActivationDuration+KYALocalizedTitle.h"; sourceTree = "<group>"; };
		DA52096227C6BE6400ECFDA6 /* KYAActivationDuration+KYALocalizedTitle.m */ = {isa = PBXFileReference; lastKnownFileType = sourcecode.c.objc; path = "KYAActivationDuration+KYALocalizedTitle.m"; sourceTree = "<group>"; };
		DA52B1062617021500D09FE5 /* KYAActivationUserNotification.m */ = {isa = PBXFileReference; fileEncoding = 4; lastKnownFileType = sourcecode.c.objc; path = KYAActivationUserNotification.m; sourceTree = "<group>"; };
		DA52B1072617021500D09FE5 /* KYAActivationUserNotification.h */ = {isa = PBXFileReference; fileEncoding = 4; lastKnownFileType = sourcecode.c.h; path = KYAActivationUserNotification.h; sourceTree = "<group>"; };
		DA54C12B1D69C55400AF9E9D /* de */ = {isa = PBXFileReference; lastKnownFileType = text.plist.strings; name = de; path = de.lproj/Localizable.strings; sourceTree = "<group>"; };
		DA54C12E1D69C9BC00AF9E9D /* Base */ = {isa = PBXFileReference; lastKnownFileType = text.plist.strings; name = Base; path = Base.lproj/Localizable.strings; sourceTree = "<group>"; };
		DA54C1321D69CA0000AF9E9D /* de */ = {isa = PBXFileReference; lastKnownFileType = text.plist.strings; name = de; path = de.lproj/InfoPlist.strings; sourceTree = "<group>"; };
		DA54C1341D69CA0700AF9E9D /* Base */ = {isa = PBXFileReference; lastKnownFileType = text.plist.strings; name = Base; path = Base.lproj/InfoPlist.strings; sourceTree = "<group>"; };
		DA5680192115FF140039C979 /* KYAUpdatePreferencesViewController.m */ = {isa = PBXFileReference; fileEncoding = 4; lastKnownFileType = sourcecode.c.objc; path = KYAUpdatePreferencesViewController.m; sourceTree = "<group>"; };
		DA56801A2115FF140039C979 /* KYAUpdatePreferencesViewController.h */ = {isa = PBXFileReference; fileEncoding = 4; lastKnownFileType = sourcecode.c.h; path = KYAUpdatePreferencesViewController.h; sourceTree = "<group>"; };
		DA637B3919F14693004C8838 /* KeepingYouAwake.app */ = {isa = PBXFileReference; explicitFileType = wrapper.application; includeInIndex = 0; path = KeepingYouAwake.app; sourceTree = BUILT_PRODUCTS_DIR; };
		DA637B3D19F14693004C8838 /* Info.plist */ = {isa = PBXFileReference; lastKnownFileType = text.plist.xml; path = Info.plist; sourceTree = "<group>"; };
		DA637B3E19F14693004C8838 /* main.m */ = {isa = PBXFileReference; lastKnownFileType = sourcecode.c.objc; path = main.m; sourceTree = "<group>"; };
		DA637B4019F14693004C8838 /* KYAAppDelegate.h */ = {isa = PBXFileReference; lastKnownFileType = sourcecode.c.h; path = KYAAppDelegate.h; sourceTree = "<group>"; };
		DA637B4119F14693004C8838 /* KYAAppDelegate.m */ = {isa = PBXFileReference; lastKnownFileType = sourcecode.c.objc; path = KYAAppDelegate.m; sourceTree = "<group>"; };
		DA637B5C19F146B6004C8838 /* KYAAppController.h */ = {isa = PBXFileReference; fileEncoding = 4; lastKnownFileType = sourcecode.c.h; path = KYAAppController.h; sourceTree = "<group>"; };
		DA637B5D19F146B6004C8838 /* KYAAppController.m */ = {isa = PBXFileReference; fileEncoding = 4; lastKnownFileType = sourcecode.c.objc; path = KYAAppController.m; sourceTree = "<group>"; };
		DA6439CB1E20F29E0078ECE4 /* es */ = {isa = PBXFileReference; lastKnownFileType = text.plist.strings; name = es; path = es.lproj/Localizable.strings; sourceTree = "<group>"; };
		DA6439CC1E20F29E0078ECE4 /* es */ = {isa = PBXFileReference; lastKnownFileType = text.plist.strings; name = es; path = es.lproj/InfoPlist.strings; sourceTree = "<group>"; };
		DA658E6B21CE907B0049F4C1 /* KeepingYouAwake Launcher.app */ = {isa = PBXFileReference; explicitFileType = wrapper.application; includeInIndex = 0; path = "KeepingYouAwake Launcher.app"; sourceTree = BUILT_PRODUCTS_DIR; };
		DA658E7021CE907D0049F4C1 /* Assets.xcassets */ = {isa = PBXFileReference; lastKnownFileType = folder.assetcatalog; path = Assets.xcassets; sourceTree = "<group>"; };
		DA658E7521CE907D0049F4C1 /* Info.plist */ = {isa = PBXFileReference; lastKnownFileType = text.plist.xml; path = Info.plist; sourceTree = "<group>"; };
		DA658E7621CE907D0049F4C1 /* main.m */ = {isa = PBXFileReference; lastKnownFileType = sourcecode.c.objc; path = main.m; sourceTree = "<group>"; };
		DA658E7821CE907D0049F4C1 /* KYALauncher.entitlements */ = {isa = PBXFileReference; lastKnownFileType = text.plist.entitlements; path = KYALauncher.entitlements; sourceTree = "<group>"; };
		DA658E7C21CE90F30049F4C1 /* MainMenu.xib */ = {isa = PBXFileReference; fileEncoding = 4; lastKnownFileType = file.xib; path = MainMenu.xib; sourceTree = "<group>"; };
		DA658E7E21CE91540049F4C1 /* KYAAppDelegate.h */ = {isa = PBXFileReference; fileEncoding = 4; lastKnownFileType = sourcecode.c.h; path = KYAAppDelegate.h; sourceTree = "<group>"; };
		DA658E7F21CE91540049F4C1 /* KYAAppDelegate.m */ = {isa = PBXFileReference; fileEncoding = 4; lastKnownFileType = sourcecode.c.objc; path = KYAAppDelegate.m; sourceTree = "<group>"; };
		DA66277320CC0688007834DB /* pl */ = {isa = PBXFileReference; lastKnownFileType = text.plist.strings; name = pl; path = pl.lproj/Localizable.strings; sourceTree = "<group>"; };
		DA66277420CC0689007834DB /* pt */ = {isa = PBXFileReference; lastKnownFileType = text.plist.strings; name = pt; path = pt.lproj/Localizable.strings; sourceTree = "<group>"; };
		DA66277520CC0693007834DB /* pl */ = {isa = PBXFileReference; lastKnownFileType = text.plist.strings; name = pl; path = pl.lproj/InfoPlist.strings; sourceTree = "<group>"; };
		DA66277620CC0695007834DB /* pt */ = {isa = PBXFileReference; lastKnownFileType = text.plist.strings; name = pt; path = pt.lproj/InfoPlist.strings; sourceTree = "<group>"; };
		DA753D391C3714A800955BE3 /* KYABatteryCapacityThreshold.h */ = {isa = PBXFileReference; lastKnownFileType = sourcecode.c.h; path = KYABatteryCapacityThreshold.h; sourceTree = "<group>"; };
		DA7B53041E16999A00D89A12 /* KYAPreferencesWindowController.h */ = {isa = PBXFileReference; fileEncoding = 4; lastKnownFileType = sourcecode.c.h; path = KYAPreferencesWindowController.h; sourceTree = "<group>"; };
		DA7B53051E16999A00D89A12 /* KYAPreferencesWindowController.m */ = {isa = PBXFileReference; fileEncoding = 4; lastKnownFileType = sourcecode.c.objc; path = KYAPreferencesWindowController.m; sourceTree = "<group>"; };
		DA82560B22FB5AFC005ECB3A /* KYAActivationDurationsMenuController.h */ = {isa = PBXFileReference; lastKnownFileType = sourcecode.c.h; path = KYAActivationDurationsMenuController.h; sourceTree = "<group>"; };
		DA82560C22FB5AFC005ECB3A /* KYAActivationDurationsMenuController.m */ = {isa = PBXFileReference; lastKnownFileType = sourcecode.c.objc; path = KYAActivationDurationsMenuController.m; sourceTree = "<group>"; };
		DA82B1141C2426E400FA46E0 /* KYAGeneralPreferencesViewController.h */ = {isa = PBXFileReference; fileEncoding = 4; lastKnownFileType = sourcecode.c.h; path = KYAGeneralPreferencesViewController.h; sourceTree = "<group>"; };
		DA82B1151C2426E400FA46E0 /* KYAGeneralPreferencesViewController.m */ = {isa = PBXFileReference; fileEncoding = 4; lastKnownFileType = sourcecode.c.objc; path = KYAGeneralPreferencesViewController.m; sourceTree = "<group>"; };
		DA8B21981F6057A200BF5013 /* zh-Hant-TW */ = {isa = PBXFileReference; lastKnownFileType = text.plist.strings; name = "zh-Hant-TW"; path = "zh-Hant-TW.lproj/InfoPlist.strings"; sourceTree = "<group>"; };
		DA8B21991F6057A200BF5013 /* zh-Hant-TW */ = {isa = PBXFileReference; lastKnownFileType = text.plist.strings; name = "zh-Hant-TW"; path = "zh-Hant-TW.lproj/Localizable.strings"; sourceTree = "<group>"; };
		DA987C9A22FC749D00DD476B /* KYAAddDurationPreferencesViewController.h */ = {isa = PBXFileReference; lastKnownFileType = sourcecode.c.h; path = KYAAddDurationPreferencesViewController.h; sourceTree = "<group>"; };
		DA987C9B22FC749D00DD476B /* KYAAddDurationPreferencesViewController.m */ = {isa = PBXFileReference; lastKnownFileType = sourcecode.c.objc; path = KYAAddDurationPreferencesViewController.m; sourceTree = "<group>"; };
		DA9A4FE5261631D700C672C4 /* KYALocalizedStrings.m */ = {isa = PBXFileReference; fileEncoding = 4; lastKnownFileType = sourcecode.c.objc; path = KYALocalizedStrings.m; sourceTree = "<group>"; };
		DAA478D3227C233000E609C1 /* KYALocalizedStrings.h */ = {isa = PBXFileReference; lastKnownFileType = sourcecode.c.h; path = KYALocalizedStrings.h; sourceTree = "<group>"; };
		DAAAAAA023B14D04004A44EF /* id */ = {isa = PBXFileReference; lastKnownFileType = text.plist.strings; name = id; path = id.lproj/Localizable.strings; sourceTree = "<group>"; };
		DAB0700822EC794F004D5BCA /* KYADurationCell.h */ = {isa = PBXFileReference; lastKnownFileType = sourcecode.c.h; path = KYADurationCell.h; sourceTree = "<group>"; };
		DAB0700922EC794F004D5BCA /* KYADurationCell.m */ = {isa = PBXFileReference; lastKnownFileType = sourcecode.c.objc; path = KYADurationCell.m; sourceTree = "<group>"; };
		DAB0700B22EC795F004D5BCA /* KYADurationCell.xib */ = {isa = PBXFileReference; lastKnownFileType = file.xib; path = KYADurationCell.xib; sourceTree = "<group>"; };
		DAB0700D22EC8E6B004D5BCA /* KYADurationPreferencesViewController.h */ = {isa = PBXFileReference; lastKnownFileType = sourcecode.c.h; path = KYADurationPreferencesViewController.h; sourceTree = "<group>"; };
		DAB0700E22EC8E6B004D5BCA /* KYADurationPreferencesViewController.m */ = {isa = PBXFileReference; lastKnownFileType = sourcecode.c.objc; path = KYADurationPreferencesViewController.m; sourceTree = "<group>"; };
		DAB128671C2453F600831045 /* KYAAdvancedPreferencesViewController.h */ = {isa = PBXFileReference; fileEncoding = 4; lastKnownFileType = sourcecode.c.h; path = KYAAdvancedPreferencesViewController.h; sourceTree = "<group>"; };
		DAB128681C2453F600831045 /* KYAAdvancedPreferencesViewController.m */ = {isa = PBXFileReference; fileEncoding = 4; lastKnownFileType = sourcecode.c.objc; path = KYAAdvancedPreferencesViewController.m; sourceTree = "<group>"; };
		DAB1286A1C24540200831045 /* KYAAboutPreferencesViewController.h */ = {isa = PBXFileReference; fileEncoding = 4; lastKnownFileType = sourcecode.c.h; path = KYAAboutPreferencesViewController.h; sourceTree = "<group>"; };
		DAB1286B1C24540200831045 /* KYAAboutPreferencesViewController.m */ = {isa = PBXFileReference; fileEncoding = 4; lastKnownFileType = sourcecode.c.objc; path = KYAAboutPreferencesViewController.m; sourceTree = "<group>"; };
		DAB1286D1C245A6C00831045 /* Credits.rtf */ = {isa = PBXFileReference; fileEncoding = 4; lastKnownFileType = text.rtf; path = Credits.rtf; sourceTree = SOURCE_ROOT; };
		DAB128741C2493DB00831045 /* KYAPreference.h */ = {isa = PBXFileReference; fileEncoding = 4; lastKnownFileType = sourcecode.c.h; path = KYAPreference.h; sourceTree = "<group>"; };
		DAB128751C2493DB00831045 /* KYAPreference.m */ = {isa = PBXFileReference; fileEncoding = 4; lastKnownFileType = sourcecode.c.objc; path = KYAPreference.m; sourceTree = "<group>"; };
		DAD3B5771EC6FA5A0022E5D0 /* tr */ = {isa = PBXFileReference; lastKnownFileType = text.plist.strings; name = tr; path = tr.lproj/Localizable.strings; sourceTree = "<group>"; };
		DAD3B5781EC6FA5A0022E5D0 /* tr */ = {isa = PBXFileReference; lastKnownFileType = text.plist.strings; name = tr; path = tr.lproj/InfoPlist.strings; sourceTree = "<group>"; };
		DAD3CF8F271186720006CA14 /* KeepingYouAwake.app */ = {isa = PBXFileReference; explicitFileType = wrapper.application; includeInIndex = 0; path = KeepingYouAwake.app; sourceTree = BUILT_PRODUCTS_DIR; };
		DAD68A7B27C957B30036ED19 /* MainMenu.xib */ = {isa = PBXFileReference; fileEncoding = 4; lastKnownFileType = file.xib; path = MainMenu.xib; sourceTree = "<group>"; };
		DAD68A7F27C957E20036ED19 /* KYAMainMenu.h */ = {isa = PBXFileReference; fileEncoding = 4; lastKnownFileType = sourcecode.c.h; path = KYAMainMenu.h; sourceTree = "<group>"; };
		DAD68A8027C957E20036ED19 /* KYAMainMenu.m */ = {isa = PBXFileReference; fileEncoding = 4; lastKnownFileType = sourcecode.c.objc; path = KYAMainMenu.m; sourceTree = "<group>"; };
		DAD90B5627B001B800F5C186 /* KeepingYouAwake-Direct.entitlements */ = {isa = PBXFileReference; lastKnownFileType = text.plist.entitlements; path = "KeepingYouAwake-Direct.entitlements"; sourceTree = "<group>"; };
		DAD982F726F883DF00234FB8 /* KYAPreferencesLocalizedStrings.h */ = {isa = PBXFileReference; lastKnownFileType = sourcecode.c.h; path = KYAPreferencesLocalizedStrings.h; sourceTree = "<group>"; };
		DAD982F926F8849A00234FB8 /* Base */ = {isa = PBXFileReference; lastKnownFileType = file.xib; name = Base; path = Base.lproj/KYAGeneralPreferencesViewController.xib; sourceTree = "<group>"; };
		DAD982FE26F8849F00234FB8 /* fr */ = {isa = PBXFileReference; lastKnownFileType = text.plist.strings; name = fr; path = fr.lproj/KYAGeneralPreferencesViewController.strings; sourceTree = "<group>"; };
		DAD9830026F884A000234FB8 /* de */ = {isa = PBXFileReference; lastKnownFileType = text.plist.strings; name = de; path = de.lproj/KYAGeneralPreferencesViewController.strings; sourceTree = "<group>"; };
		DAD9830226F884C600234FB8 /* zh */ = {isa = PBXFileReference; lastKnownFileType = text.plist.strings; name = zh; path = zh.lproj/KYAGeneralPreferencesViewController.strings; sourceTree = "<group>"; };
		DAD9830426F884C600234FB8 /* zh-Hant-TW */ = {isa = PBXFileReference; lastKnownFileType = text.plist.strings; name = "zh-Hant-TW"; path = "zh-Hant-TW.lproj/KYAGeneralPreferencesViewController.strings"; sourceTree = "<group>"; };
		DAD9830626F884C900234FB8 /* nl */ = {isa = PBXFileReference; lastKnownFileType = text.plist.strings; name = nl; path = nl.lproj/KYAGeneralPreferencesViewController.strings; sourceTree = "<group>"; };
		DAD9830826F884CB00234FB8 /* da */ = {isa = PBXFileReference; lastKnownFileType = text.plist.strings; name = da; path = da.lproj/KYAGeneralPreferencesViewController.strings; sourceTree = "<group>"; };
		DAD9830A26F884CC00234FB8 /* id */ = {isa = PBXFileReference; lastKnownFileType = text.plist.strings; name = id; path = id.lproj/KYAGeneralPreferencesViewController.strings; sourceTree = "<group>"; };
		DAD9830C26F884CD00234FB8 /* ko */ = {isa = PBXFileReference; lastKnownFileType = text.plist.strings; name = ko; path = ko.lproj/KYAGeneralPreferencesViewController.strings; sourceTree = "<group>"; };
		DAD9830E26F884CE00234FB8 /* pl */ = {isa = PBXFileReference; lastKnownFileType = text.plist.strings; name = pl; path = pl.lproj/KYAGeneralPreferencesViewController.strings; sourceTree = "<group>"; };
		DAD9831026F884D000234FB8 /* pt */ = {isa = PBXFileReference; lastKnownFileType = text.plist.strings; name = pt; path = pt.lproj/KYAGeneralPreferencesViewController.strings; sourceTree = "<group>"; };
		DAD9831226F884D100234FB8 /* ru */ = {isa = PBXFileReference; lastKnownFileType = text.plist.strings; name = ru; path = ru.lproj/KYAGeneralPreferencesViewController.strings; sourceTree = "<group>"; };
		DAD9831426F884D200234FB8 /* es */ = {isa = PBXFileReference; lastKnownFileType = text.plist.strings; name = es; path = es.lproj/KYAGeneralPreferencesViewController.strings; sourceTree = "<group>"; };
		DAD9831626F884D300234FB8 /* tr */ = {isa = PBXFileReference; lastKnownFileType = text.plist.strings; name = tr; path = tr.lproj/KYAGeneralPreferencesViewController.strings; sourceTree = "<group>"; };
		DAD9831A26F8883E00234FB8 /* en */ = {isa = PBXFileReference; lastKnownFileType = text.plist.strings; name = en; path = en.lproj/KYAPreferences.strings; sourceTree = "<group>"; };
		DAD9831C26F8884400234FB8 /* zh */ = {isa = PBXFileReference; lastKnownFileType = text.plist.strings; name = zh; path = zh.lproj/KYAPreferences.strings; sourceTree = "<group>"; };
		DAD9831D26F8884500234FB8 /* zh-Hant-TW */ = {isa = PBXFileReference; lastKnownFileType = text.plist.strings; name = "zh-Hant-TW"; path = "zh-Hant-TW.lproj/KYAPreferences.strings"; sourceTree = "<group>"; };
		DAD9831E26F8884A00234FB8 /* da */ = {isa = PBXFileReference; lastKnownFileType = text.plist.strings; name = da; path = da.lproj/KYAPreferences.strings; sourceTree = "<group>"; };
		DAD9831F26F8884B00234FB8 /* nl */ = {isa = PBXFileReference; lastKnownFileType = text.plist.strings; name = nl; path = nl.lproj/KYAPreferences.strings; sourceTree = "<group>"; };
		DAD9832026F8884C00234FB8 /* fr */ = {isa = PBXFileReference; lastKnownFileType = text.plist.strings; name = fr; path = fr.lproj/KYAPreferences.strings; sourceTree = "<group>"; };
		DAD9832126F8884D00234FB8 /* de */ = {isa = PBXFileReference; lastKnownFileType = text.plist.strings; name = de; path = de.lproj/KYAPreferences.strings; sourceTree = "<group>"; };
		DAD9832226F8884E00234FB8 /* id */ = {isa = PBXFileReference; lastKnownFileType = text.plist.strings; name = id; path = id.lproj/KYAPreferences.strings; sourceTree = "<group>"; };
		DAD9832326F8884F00234FB8 /* ko */ = {isa = PBXFileReference; lastKnownFileType = text.plist.strings; name = ko; path = ko.lproj/KYAPreferences.strings; sourceTree = "<group>"; };
		DAD9832426F8885000234FB8 /* pl */ = {isa = PBXFileReference; lastKnownFileType = text.plist.strings; name = pl; path = pl.lproj/KYAPreferences.strings; sourceTree = "<group>"; };
		DAD9832526F8885100234FB8 /* pt */ = {isa = PBXFileReference; lastKnownFileType = text.plist.strings; name = pt; path = pt.lproj/KYAPreferences.strings; sourceTree = "<group>"; };
		DAD9832626F8885300234FB8 /* ru */ = {isa = PBXFileReference; lastKnownFileType = text.plist.strings; name = ru; path = ru.lproj/KYAPreferences.strings; sourceTree = "<group>"; };
		DAD9832726F8885300234FB8 /* es */ = {isa = PBXFileReference; lastKnownFileType = text.plist.strings; name = es; path = es.lproj/KYAPreferences.strings; sourceTree = "<group>"; };
		DAD9832826F8885400234FB8 /* tr */ = {isa = PBXFileReference; lastKnownFileType = text.plist.strings; name = tr; path = tr.lproj/KYAPreferences.strings; sourceTree = "<group>"; };
		DAD9834826F8A9AE00234FB8 /* KYAAboutPreferencesViewController.xib */ = {isa = PBXFileReference; fileEncoding = 4; lastKnownFileType = file.xib; path = KYAAboutPreferencesViewController.xib; sourceTree = "<group>"; };
		DAD9834D26F8BB0500234FB8 /* Base */ = {isa = PBXFileReference; lastKnownFileType = file.xib; name = Base; path = Base.lproj/KYAUpdatePreferencesViewController.xib; sourceTree = "<group>"; };
		DAD9835026F8BB0A00234FB8 /* zh */ = {isa = PBXFileReference; lastKnownFileType = text.plist.strings; name = zh; path = zh.lproj/KYAUpdatePreferencesViewController.strings; sourceTree = "<group>"; };
		DAD9835226F8BB0E00234FB8 /* zh-Hant-TW */ = {isa = PBXFileReference; lastKnownFileType = text.plist.strings; name = "zh-Hant-TW"; path = "zh-Hant-TW.lproj/KYAUpdatePreferencesViewController.strings"; sourceTree = "<group>"; };
		DAD9835426F8BB0F00234FB8 /* da */ = {isa = PBXFileReference; lastKnownFileType = text.plist.strings; name = da; path = da.lproj/KYAUpdatePreferencesViewController.strings; sourceTree = "<group>"; };
		DAD9835626F8BB1100234FB8 /* nl */ = {isa = PBXFileReference; lastKnownFileType = text.plist.strings; name = nl; path = nl.lproj/KYAUpdatePreferencesViewController.strings; sourceTree = "<group>"; };
		DAD9835826F8BB1400234FB8 /* fr */ = {isa = PBXFileReference; lastKnownFileType = text.plist.strings; name = fr; path = fr.lproj/KYAUpdatePreferencesViewController.strings; sourceTree = "<group>"; };
		DAD9835A26F8BB1600234FB8 /* de */ = {isa = PBXFileReference; lastKnownFileType = text.plist.strings; name = de; path = de.lproj/KYAUpdatePreferencesViewController.strings; sourceTree = "<group>"; };
		DAD9835C26F8BB1700234FB8 /* id */ = {isa = PBXFileReference; lastKnownFileType = text.plist.strings; name = id; path = id.lproj/KYAUpdatePreferencesViewController.strings; sourceTree = "<group>"; };
		DAD9835E26F8BB1A00234FB8 /* ko */ = {isa = PBXFileReference; lastKnownFileType = text.plist.strings; name = ko; path = ko.lproj/KYAUpdatePreferencesViewController.strings; sourceTree = "<group>"; };
		DAD9836026F8BB1B00234FB8 /* pl */ = {isa = PBXFileReference; lastKnownFileType = text.plist.strings; name = pl; path = pl.lproj/KYAUpdatePreferencesViewController.strings; sourceTree = "<group>"; };
		DAD9836226F8BB1D00234FB8 /* pt */ = {isa = PBXFileReference; lastKnownFileType = text.plist.strings; name = pt; path = pt.lproj/KYAUpdatePreferencesViewController.strings; sourceTree = "<group>"; };
		DAD9836426F8BB2000234FB8 /* ru */ = {isa = PBXFileReference; lastKnownFileType = text.plist.strings; name = ru; path = ru.lproj/KYAUpdatePreferencesViewController.strings; sourceTree = "<group>"; };
		DAD9836626F8BB2300234FB8 /* es */ = {isa = PBXFileReference; lastKnownFileType = text.plist.strings; name = es; path = es.lproj/KYAUpdatePreferencesViewController.strings; sourceTree = "<group>"; };
		DAD9836826F8BB2500234FB8 /* tr */ = {isa = PBXFileReference; lastKnownFileType = text.plist.strings; name = tr; path = tr.lproj/KYAUpdatePreferencesViewController.strings; sourceTree = "<group>"; };
		DAD9838B26F9037900234FB8 /* Base */ = {isa = PBXFileReference; lastKnownFileType = file.xib; name = Base; path = Base.lproj/KYADurationPreferencesViewController.xib; sourceTree = "<group>"; };
		DAD9838E26F9037E00234FB8 /* zh */ = {isa = PBXFileReference; lastKnownFileType = text.plist.strings; name = zh; path = zh.lproj/KYADurationPreferencesViewController.strings; sourceTree = "<group>"; };
		DAD9839026F903A100234FB8 /* zh-Hant-TW */ = {isa = PBXFileReference; lastKnownFileType = text.plist.strings; name = "zh-Hant-TW"; path = "zh-Hant-TW.lproj/KYADurationPreferencesViewController.strings"; sourceTree = "<group>"; };
		DAD9839226F903A700234FB8 /* da */ = {isa = PBXFileReference; lastKnownFileType = text.plist.strings; name = da; path = da.lproj/KYADurationPreferencesViewController.strings; sourceTree = "<group>"; };
		DAD9839426F903AA00234FB8 /* nl */ = {isa = PBXFileReference; lastKnownFileType = text.plist.strings; name = nl; path = nl.lproj/KYADurationPreferencesViewController.strings; sourceTree = "<group>"; };
		DAD9839626F903AD00234FB8 /* fr */ = {isa = PBXFileReference; lastKnownFileType = text.plist.strings; name = fr; path = fr.lproj/KYADurationPreferencesViewController.strings; sourceTree = "<group>"; };
		DAD9839826F903B000234FB8 /* de */ = {isa = PBXFileReference; lastKnownFileType = text.plist.strings; name = de; path = de.lproj/KYADurationPreferencesViewController.strings; sourceTree = "<group>"; };
		DAD9839A26F903B300234FB8 /* id */ = {isa = PBXFileReference; lastKnownFileType = text.plist.strings; name = id; path = id.lproj/KYADurationPreferencesViewController.strings; sourceTree = "<group>"; };
		DAD9839C26F903BE00234FB8 /* ko */ = {isa = PBXFileReference; lastKnownFileType = text.plist.strings; name = ko; path = ko.lproj/KYADurationPreferencesViewController.strings; sourceTree = "<group>"; };
		DAD9839E26F903C100234FB8 /* pl */ = {isa = PBXFileReference; lastKnownFileType = text.plist.strings; name = pl; path = pl.lproj/KYADurationPreferencesViewController.strings; sourceTree = "<group>"; };
		DAD983A026F903C400234FB8 /* pt */ = {isa = PBXFileReference; lastKnownFileType = text.plist.strings; name = pt; path = pt.lproj/KYADurationPreferencesViewController.strings; sourceTree = "<group>"; };
		DAD983A226F903C600234FB8 /* ru */ = {isa = PBXFileReference; lastKnownFileType = text.plist.strings; name = ru; path = ru.lproj/KYADurationPreferencesViewController.strings; sourceTree = "<group>"; };
		DAD983A426F903C900234FB8 /* es */ = {isa = PBXFileReference; lastKnownFileType = text.plist.strings; name = es; path = es.lproj/KYADurationPreferencesViewController.strings; sourceTree = "<group>"; };
		DAD983A626F903CB00234FB8 /* tr */ = {isa = PBXFileReference; lastKnownFileType = text.plist.strings; name = tr; path = tr.lproj/KYADurationPreferencesViewController.strings; sourceTree = "<group>"; };
		DAD983A826F9C46600234FB8 /* Base */ = {isa = PBXFileReference; lastKnownFileType = file.xib; name = Base; path = Base.lproj/KYAAddDurationPreferencesViewController.xib; sourceTree = "<group>"; };
		DAD983AB26F9C46B00234FB8 /* zh */ = {isa = PBXFileReference; lastKnownFileType = text.plist.strings; name = zh; path = zh.lproj/KYAAddDurationPreferencesViewController.strings; sourceTree = "<group>"; };
		DAD983AD26F9C46D00234FB8 /* zh-Hant-TW */ = {isa = PBXFileReference; lastKnownFileType = text.plist.strings; name = "zh-Hant-TW"; path = "zh-Hant-TW.lproj/KYAAddDurationPreferencesViewController.strings"; sourceTree = "<group>"; };
		DAD983AF26F9C46E00234FB8 /* da */ = {isa = PBXFileReference; lastKnownFileType = text.plist.strings; name = da; path = da.lproj/KYAAddDurationPreferencesViewController.strings; sourceTree = "<group>"; };
		DAD983B126F9C47000234FB8 /* nl */ = {isa = PBXFileReference; lastKnownFileType = text.plist.strings; name = nl; path = nl.lproj/KYAAddDurationPreferencesViewController.strings; sourceTree = "<group>"; };
		DAD983B326F9C47100234FB8 /* fr */ = {isa = PBXFileReference; lastKnownFileType = text.plist.strings; name = fr; path = fr.lproj/KYAAddDurationPreferencesViewController.strings; sourceTree = "<group>"; };
		DAD983B526F9C47300234FB8 /* de */ = {isa = PBXFileReference; lastKnownFileType = text.plist.strings; name = de; path = de.lproj/KYAAddDurationPreferencesViewController.strings; sourceTree = "<group>"; };
		DAD983B726F9C47600234FB8 /* id */ = {isa = PBXFileReference; lastKnownFileType = text.plist.strings; name = id; path = id.lproj/KYAAddDurationPreferencesViewController.strings; sourceTree = "<group>"; };
		DAD983B926F9C47800234FB8 /* ko */ = {isa = PBXFileReference; lastKnownFileType = text.plist.strings; name = ko; path = ko.lproj/KYAAddDurationPreferencesViewController.strings; sourceTree = "<group>"; };
		DAD983BB26F9C47900234FB8 /* pl */ = {isa = PBXFileReference; lastKnownFileType = text.plist.strings; name = pl; path = pl.lproj/KYAAddDurationPreferencesViewController.strings; sourceTree = "<group>"; };
		DAD983BD26F9C47B00234FB8 /* pt */ = {isa = PBXFileReference; lastKnownFileType = text.plist.strings; name = pt; path = pt.lproj/KYAAddDurationPreferencesViewController.strings; sourceTree = "<group>"; };
		DAD983BF26F9C47D00234FB8 /* ru */ = {isa = PBXFileReference; lastKnownFileType = text.plist.strings; name = ru; path = ru.lproj/KYAAddDurationPreferencesViewController.strings; sourceTree = "<group>"; };
		DAD983C126F9C47E00234FB8 /* es */ = {isa = PBXFileReference; lastKnownFileType = text.plist.strings; name = es; path = es.lproj/KYAAddDurationPreferencesViewController.strings; sourceTree = "<group>"; };
		DAD983C326F9C48000234FB8 /* tr */ = {isa = PBXFileReference; lastKnownFileType = text.plist.strings; name = tr; path = tr.lproj/KYAAddDurationPreferencesViewController.strings; sourceTree = "<group>"; };
		DAD983C526F9C82900234FB8 /* KYAPreferencesWindowController.xib */ = {isa = PBXFileReference; lastKnownFileType = file.xib; path = KYAPreferencesWindowController.xib; sourceTree = "<group>"; };
		DAE9C00D26107E1A00F9ED76 /* Configuration.xcconfig */ = {isa = PBXFileReference; lastKnownFileType = text.xcconfig; path = Configuration.xcconfig; sourceTree = SOURCE_ROOT; };
		DAF3080C2503828D00614AAF /* ru */ = {isa = PBXFileReference; lastKnownFileType = text.plist.strings; name = ru; path = ru.lproj/InfoPlist.strings; sourceTree = "<group>"; };
		DAF3080D2503828D00614AAF /* ru */ = {isa = PBXFileReference; lastKnownFileType = text.plist.strings; name = ru; path = ru.lproj/Localizable.strings; sourceTree = "<group>"; };
		DAF3FB0B1EC6F61300B5BB36 /* da */ = {isa = PBXFileReference; lastKnownFileType = text.plist.strings; name = da; path = da.lproj/Localizable.strings; sourceTree = "<group>"; };
		DAF3FB0C1EC6F61300B5BB36 /* da */ = {isa = PBXFileReference; lastKnownFileType = text.plist.strings; name = da; path = da.lproj/InfoPlist.strings; sourceTree = "<group>"; };
/* End PBXFileReference section */

/* Begin PBXFrameworksBuildPhase section */
		DA637B3619F14693004C8838 /* Frameworks */ = {
			isa = PBXFrameworksBuildPhase;
			buildActionMask = 2147483647;
			files = (
				DA52097027C6CBC000ECFDA6 /* KYASleepWakeTimer in Frameworks */,
				DA52096627C6C56A00ECFDA6 /* KYAActivationDurations in Frameworks */,
				DA52096A27C6C9B900ECFDA6 /* KYAApplicationSupport in Frameworks */,
				DA25063027C2486D0052CCD8 /* KYADeviceInfo in Frameworks */,
				DACF2FCD27C271BA00856FEC /* KYAApplicationEvents in Frameworks */,
				DACF2FC727C2657800856FEC /* KYAUserNotifications in Frameworks */,
			);
			runOnlyForDeploymentPostprocessing = 0;
		};
		DA658E6821CE907B0049F4C1 /* Frameworks */ = {
			isa = PBXFrameworksBuildPhase;
			buildActionMask = 2147483647;
			files = (
			);
			runOnlyForDeploymentPostprocessing = 0;
		};
		DAD3CF6F271186720006CA14 /* Frameworks */ = {
			isa = PBXFrameworksBuildPhase;
			buildActionMask = 2147483647;
			files = (
				DA52096C27C6C9BD00ECFDA6 /* KYAApplicationSupport in Frameworks */,
				DAEF160C277C67D800EA9478 /* Sparkle in Frameworks */,
				DACF2FC927C2657C00856FEC /* KYAUserNotifications in Frameworks */,
				DA25063227C248710052CCD8 /* KYADeviceInfo in Frameworks */,
				DA52097227C6CBC500ECFDA6 /* KYASleepWakeTimer in Frameworks */,
				DA52096827C6C56F00ECFDA6 /* KYAActivationDurations in Frameworks */,
				DACF2FCB27C271B600856FEC /* KYAApplicationEvents in Frameworks */,
			);
			runOnlyForDeploymentPostprocessing = 0;
		};
/* End PBXFrameworksBuildPhase section */

/* Begin PBXGroup section */
		DA25062727C244240052CCD8 /* Frameworks */ = {
			isa = PBXGroup;
			children = (
			);
			name = Frameworks;
			sourceTree = "<group>";
		};
		DA2691CF1B8230AB00B15779 /* KYAMenuBarIcon */ = {
			isa = PBXGroup;
			children = (
				DA2691D01B8231C700B15779 /* KYAMenuBarIcon.h */,
				DA2691D11B8231C700B15779 /* KYAMenuBarIcon.m */,
			);
			path = KYAMenuBarIcon;
			sourceTree = "<group>";
		};
		DA2C0E3527006AF7006E9991 /* KYAAppUpdater */ = {
			isa = PBXGroup;
			children = (
				DA2C0E322700629A006E9991 /* KYAAppUpdater.h */,
				DA2C0E332700629A006E9991 /* KYAAppUpdater.m */,
			);
			path = KYAAppUpdater;
			sourceTree = "<group>";
		};
		DA2CCD6226F8763100568BDD /* KYAPreferencesContentViewController */ = {
			isa = PBXGroup;
			children = (
				DA2CCD6326F87A4500568BDD /* KYAPreferencesContentViewControllers.h */,
				DA2CCD5D26F8754C00568BDD /* KYAPreferencesContentViewController.h */,
				DA2CCD5E26F8754C00568BDD /* KYAPreferencesContentViewController.m */,
			);
			path = KYAPreferencesContentViewController;
			sourceTree = "<group>";
		};
		DA51E7DF1C2562BE008AA96C /* KYAGeneralPreferencesViewController */ = {
			isa = PBXGroup;
			children = (
				DA82B1141C2426E400FA46E0 /* KYAGeneralPreferencesViewController.h */,
				DA82B1151C2426E400FA46E0 /* KYAGeneralPreferencesViewController.m */,
				DAD982FA26F8849A00234FB8 /* KYAGeneralPreferencesViewController.xib */,
			);
			path = KYAGeneralPreferencesViewController;
			sourceTree = "<group>";
		};
		DA51E7E01C2562C4008AA96C /* KYAAdvancedPreferencesViewController */ = {
			isa = PBXGroup;
			children = (
				DAB128671C2453F600831045 /* KYAAdvancedPreferencesViewController.h */,
				DAB128681C2453F600831045 /* KYAAdvancedPreferencesViewController.m */,
				DA4835F226F8CF100073A062 /* KYAAdvancedPreferencesViewController.xib */,
				DA753D391C3714A800955BE3 /* KYABatteryCapacityThreshold.h */,
				DAB128741C2493DB00831045 /* KYAPreference.h */,
				DAB128751C2493DB00831045 /* KYAPreference.m */,
			);
			path = KYAAdvancedPreferencesViewController;
			sourceTree = "<group>";
		};
		DA51E7E11C2562CA008AA96C /* KYAAboutPreferencesViewController */ = {
			isa = PBXGroup;
			children = (
				DAB1286A1C24540200831045 /* KYAAboutPreferencesViewController.h */,
				DAB1286B1C24540200831045 /* KYAAboutPreferencesViewController.m */,
				DAD9834826F8A9AE00234FB8 /* KYAAboutPreferencesViewController.xib */,
				DAB1286D1C245A6C00831045 /* Credits.rtf */,
			);
			path = KYAAboutPreferencesViewController;
			sourceTree = "<group>";
		};
		DA52B1052617021500D09FE5 /* KYAActivationUserNotification */ = {
			isa = PBXGroup;
			children = (
				DA52B1072617021500D09FE5 /* KYAActivationUserNotification.h */,
				DA52B1062617021500D09FE5 /* KYAActivationUserNotification.m */,
			);
			path = KYAActivationUserNotification;
			sourceTree = "<group>";
		};
		DA5680182115FF140039C979 /* KYAUpdatePreferencesViewController */ = {
			isa = PBXGroup;
			children = (
				DA56801A2115FF140039C979 /* KYAUpdatePreferencesViewController.h */,
				DA5680192115FF140039C979 /* KYAUpdatePreferencesViewController.m */,
				DAD9834E26F8BB0500234FB8 /* KYAUpdatePreferencesViewController.xib */,
			);
			path = KYAUpdatePreferencesViewController;
			sourceTree = "<group>";
		};
		DA637B3019F14693004C8838 = {
			isa = PBXGroup;
			children = (
				DA637B3B19F14693004C8838 /* KeepingYouAwake */,
				DA658E6C21CE907B0049F4C1 /* KYALauncher */,
				DA637B3A19F14693004C8838 /* Products */,
				DA25062727C244240052CCD8 /* Frameworks */,
			);
			sourceTree = "<group>";
		};
		DA637B3A19F14693004C8838 /* Products */ = {
			isa = PBXGroup;
			children = (
				DA637B3919F14693004C8838 /* KeepingYouAwake.app */,
				DA658E6B21CE907B0049F4C1 /* KeepingYouAwake Launcher.app */,
				DAD3CF8F271186720006CA14 /* KeepingYouAwake.app */,
			);
			name = Products;
			sourceTree = "<group>";
		};
		DA637B3B19F14693004C8838 /* KeepingYouAwake */ = {
			isa = PBXGroup;
			children = (
				DA249E281F9B7211006BCD2C /* KYADefines.h */,
				DAA478D3227C233000E609C1 /* KYALocalizedStrings.h */,
				DA9A4FE5261631D700C672C4 /* KYALocalizedStrings.m */,
				DA13771925E969FF00FB0FAD /* Assets.xcassets */,
				DAD6480B24F14570008E9AA0 /* KYAAppController */,
				DAD68A7E27C957E20036ED19 /* KYAMainMenu */,
				DA82560E22FB5B31005ECB3A /* KYAActivationDurationsMenuController */,
				DA52B1052617021500D09FE5 /* KYAActivationUserNotification */,
				DA8F381B1F9BA4360086A84A /* KYAStatusItemController */,
				DA2691CF1B8230AB00B15779 /* KYAMenuBarIcon */,
				DA2C0E3527006AF7006E9991 /* KYAAppUpdater */,
				DA82B1111C2422F600FA46E0 /* Preferences */,
				DAE9C00C26107E0900F9ED76 /* Other… */,
			);
			path = KeepingYouAwake;
			sourceTree = "<group>";
		};
		DA658E6C21CE907B0049F4C1 /* KYALauncher */ = {
			isa = PBXGroup;
			children = (
				DA658E7E21CE91540049F4C1 /* KYAAppDelegate.h */,
				DA658E7F21CE91540049F4C1 /* KYAAppDelegate.m */,
				DA658E7621CE907D0049F4C1 /* main.m */,
				DA658E7C21CE90F30049F4C1 /* MainMenu.xib */,
				DA658E7021CE907D0049F4C1 /* Assets.xcassets */,
				DA658E7521CE907D0049F4C1 /* Info.plist */,
				DA658E7821CE907D0049F4C1 /* KYALauncher.entitlements */,
			);
			path = KYALauncher;
			sourceTree = "<group>";
		};
		DA82560E22FB5B31005ECB3A /* KYAActivationDurationsMenuController */ = {
			isa = PBXGroup;
			children = (
				DA82560B22FB5AFC005ECB3A /* KYAActivationDurationsMenuController.h */,
				DA82560C22FB5AFC005ECB3A /* KYAActivationDurationsMenuController.m */,
				DA52096127C6BE6400ECFDA6 /* KYAActivationDuration+KYALocalizedTitle.h */,
				DA52096227C6BE6400ECFDA6 /* KYAActivationDuration+KYALocalizedTitle.m */,
			);
			path = KYAActivationDurationsMenuController;
			sourceTree = "<group>";
		};
		DA82B1111C2422F600FA46E0 /* Preferences */ = {
			isa = PBXGroup;
			children = (
				DAD982F726F883DF00234FB8 /* KYAPreferencesLocalizedStrings.h */,
				DAD9831B26F8883E00234FB8 /* KYAPreferences.strings */,
				DAD983C426F9C80D00234FB8 /* KYAPreferencesWindowController */,
				DA2CCD6226F8763100568BDD /* KYAPreferencesContentViewController */,
				DA51E7DF1C2562BE008AA96C /* KYAGeneralPreferencesViewController */,
				DAB0701222EC8E74004D5BCA /* KYADurationPreferencesViewController */,
				DA51E7E01C2562C4008AA96C /* KYAAdvancedPreferencesViewController */,
				DA5680182115FF140039C979 /* KYAUpdatePreferencesViewController */,
				DA51E7E11C2562CA008AA96C /* KYAAboutPreferencesViewController */,
			);
			path = Preferences;
			sourceTree = "<group>";
		};
		DA8F381B1F9BA4360086A84A /* KYAStatusItemController */ = {
			isa = PBXGroup;
			children = (
				DA173B351F65B41B00932CE0 /* KYAStatusItemController.h */,
				DA173B361F65B41B00932CE0 /* KYAStatusItemController.m */,
			);
			path = KYAStatusItemController;
			sourceTree = "<group>";
		};
		DAB0701222EC8E74004D5BCA /* KYADurationPreferencesViewController */ = {
			isa = PBXGroup;
			children = (
				DAB0700D22EC8E6B004D5BCA /* KYADurationPreferencesViewController.h */,
				DAB0700E22EC8E6B004D5BCA /* KYADurationPreferencesViewController.m */,
				DAD9838C26F9037900234FB8 /* KYADurationPreferencesViewController.xib */,
				DA987C9A22FC749D00DD476B /* KYAAddDurationPreferencesViewController.h */,
				DA987C9B22FC749D00DD476B /* KYAAddDurationPreferencesViewController.m */,
				DAD983A926F9C46600234FB8 /* KYAAddDurationPreferencesViewController.xib */,
				DAB0701322EC8F06004D5BCA /* KYADurationCell */,
			);
			path = KYADurationPreferencesViewController;
			sourceTree = "<group>";
		};
		DAB0701322EC8F06004D5BCA /* KYADurationCell */ = {
			isa = PBXGroup;
			children = (
				DAB0700822EC794F004D5BCA /* KYADurationCell.h */,
				DAB0700922EC794F004D5BCA /* KYADurationCell.m */,
				DAB0700B22EC795F004D5BCA /* KYADurationCell.xib */,
			);
			path = KYADurationCell;
			sourceTree = "<group>";
		};
		DAD6480B24F14570008E9AA0 /* KYAAppController */ = {
			isa = PBXGroup;
			children = (
				DA637B4019F14693004C8838 /* KYAAppDelegate.h */,
				DA637B4119F14693004C8838 /* KYAAppDelegate.m */,
				DA637B5C19F146B6004C8838 /* KYAAppController.h */,
				DA637B5D19F146B6004C8838 /* KYAAppController.m */,
			);
			path = KYAAppController;
			sourceTree = "<group>";
		};
		DAD68A7E27C957E20036ED19 /* KYAMainMenu */ = {
			isa = PBXGroup;
			children = (
				DAD68A7F27C957E20036ED19 /* KYAMainMenu.h */,
				DAD68A8027C957E20036ED19 /* KYAMainMenu.m */,
			);
			path = KYAMainMenu;
			sourceTree = "<group>";
		};
		DAD983C426F9C80D00234FB8 /* KYAPreferencesWindowController */ = {
			isa = PBXGroup;
			children = (
				DA7B53041E16999A00D89A12 /* KYAPreferencesWindowController.h */,
				DA7B53051E16999A00D89A12 /* KYAPreferencesWindowController.m */,
				DAD983C526F9C82900234FB8 /* KYAPreferencesWindowController.xib */,
			);
			path = KYAPreferencesWindowController;
			sourceTree = "<group>";
		};
		DAE9C00C26107E0900F9ED76 /* Other… */ = {
			isa = PBXGroup;
			children = (
				DAE9C00D26107E1A00F9ED76 /* Configuration.xcconfig */,
				DA085D0F21D6BAB6003D9B1B /* container-migration.plist */,
				DA637B3D19F14693004C8838 /* Info.plist */,
				DA54C1331D69CA0000AF9E9D /* InfoPlist.strings */,
				DAD90B5627B001B800F5C186 /* KeepingYouAwake-Direct.entitlements */,
				DA0CA9FE21D0111600879C8B /* KeepingYouAwake.entitlements */,
				DA54C12C1D69C55400AF9E9D /* Localizable.strings */,
				DA637B3E19F14693004C8838 /* main.m */,
				DAD68A7B27C957B30036ED19 /* MainMenu.xib */,
			);
			name = "Other…";
			sourceTree = "<group>";
		};
/* End PBXGroup section */

/* Begin PBXNativeTarget section */
		DA637B3819F14693004C8838 /* KeepingYouAwake */ = {
			isa = PBXNativeTarget;
			buildConfigurationList = DA637B5619F14694004C8838 /* Build configuration list for PBXNativeTarget "KeepingYouAwake" */;
			buildPhases = (
				DA637B3519F14693004C8838 /* Sources */,
				DA637B3619F14693004C8838 /* Frameworks */,
				DA637B3719F14693004C8838 /* Resources */,
				DA8CB49F1A5767CC00BC6F73 /* Embed Frameworks */,
				DA658E8321CE93120049F4C1 /* Embed Launcher */,
			);
			buildRules = (
			);
			dependencies = (
				DA87FF5F21D42525009045F3 /* PBXTargetDependency */,
			);
			name = KeepingYouAwake;
			packageProductDependencies = (
				DA25062F27C2486D0052CCD8 /* KYADeviceInfo */,
				DACF2FC627C2657800856FEC /* KYAUserNotifications */,
				DACF2FCC27C271BA00856FEC /* KYAApplicationEvents */,
				DA52096527C6C56A00ECFDA6 /* KYAActivationDurations */,
				DA52096927C6C9B900ECFDA6 /* KYAApplicationSupport */,
				DA52096F27C6CBC000ECFDA6 /* KYASleepWakeTimer */,
			);
			productName = KeepingYouAwake;
			productReference = DA637B3919F14693004C8838 /* KeepingYouAwake.app */;
			productType = "com.apple.product-type.application";
		};
		DA658E6A21CE907B0049F4C1 /* KeepingYouAwake Launcher */ = {
			isa = PBXNativeTarget;
			buildConfigurationList = DA658E7B21CE907D0049F4C1 /* Build configuration list for PBXNativeTarget "KeepingYouAwake Launcher" */;
			buildPhases = (
				DA658E6721CE907B0049F4C1 /* Sources */,
				DA658E6821CE907B0049F4C1 /* Frameworks */,
				DA658E6921CE907B0049F4C1 /* Resources */,
			);
			buildRules = (
			);
			dependencies = (
			);
			name = "KeepingYouAwake Launcher";
			productName = KYALauncher;
			productReference = DA658E6B21CE907B0049F4C1 /* KeepingYouAwake Launcher.app */;
			productType = "com.apple.product-type.application";
		};
		DAD3CF56271186720006CA14 /* KeepingYouAwake (Direct) */ = {
			isa = PBXNativeTarget;
			buildConfigurationList = DAD3CF8C271186720006CA14 /* Build configuration list for PBXNativeTarget "KeepingYouAwake (Direct)" */;
			buildPhases = (
				DAD3CF5B271186720006CA14 /* Sources */,
				DAD3CF6F271186720006CA14 /* Frameworks */,
				DAD3CF72271186720006CA14 /* Resources */,
				DAD3CF82271186720006CA14 /* Embed Frameworks */,
				DAD3CF85271186720006CA14 /* Embed Launcher */,
			);
			buildRules = (
			);
			dependencies = (
				DAD3CF57271186720006CA14 /* PBXTargetDependency */,
			);
			name = "KeepingYouAwake (Direct)";
			packageProductDependencies = (
				DAEF160B277C67D800EA9478 /* Sparkle */,
				DA25063127C248710052CCD8 /* KYADeviceInfo */,
				DACF2FC827C2657C00856FEC /* KYAUserNotifications */,
				DACF2FCA27C271B600856FEC /* KYAApplicationEvents */,
				DA52096727C6C56F00ECFDA6 /* KYAActivationDurations */,
				DA52096B27C6C9BD00ECFDA6 /* KYAApplicationSupport */,
				DA52097127C6CBC500ECFDA6 /* KYASleepWakeTimer */,
			);
			productName = KeepingYouAwake;
			productReference = DAD3CF8F271186720006CA14 /* KeepingYouAwake.app */;
			productType = "com.apple.product-type.application";
		};
/* End PBXNativeTarget section */

/* Begin PBXProject section */
		DA637B3119F14693004C8838 /* Project object */ = {
			isa = PBXProject;
			attributes = {
				CLASSPREFIX = KYA;
				DefaultBuildSystemTypeForWorkspace = Latest;
				LastUpgradeCheck = 1320;
				ORGANIZATIONNAME = "Marcel Dierkes";
				TargetAttributes = {
					DA637B3819F14693004C8838 = {
						CreatedOnToolsVersion = 6.0.1;
						DevelopmentTeam = 5KESHV9W85;
						ProvisioningStyle = Manual;
						SystemCapabilities = {
							com.apple.HardenedRuntime = {
								enabled = 1;
							};
							com.apple.Sandbox = {
								enabled = 1;
							};
						};
					};
					DA658E6A21CE907B0049F4C1 = {
						CreatedOnToolsVersion = 10.1;
						DevelopmentTeam = 5KESHV9W85;
						ProvisioningStyle = Manual;
						SystemCapabilities = {
							com.apple.HardenedRuntime = {
								enabled = 1;
							};
						};
					};
					DAD3CF56271186720006CA14 = {
						DevelopmentTeam = 5KESHV9W85;
						ProvisioningStyle = Manual;
					};
				};
			};
			buildConfigurationList = DA637B3419F14693004C8838 /* Build configuration list for PBXProject "KeepingYouAwake" */;
			compatibilityVersion = "Xcode 3.2";
			developmentRegion = en;
			hasScannedForEncodings = 0;
			knownRegions = (
				en,
				Base,
				de,
				fr,
				"zh-Hant-TW",
				ko,
				es,
				nl,
				da,
				tr,
				zh,
				pl,
				pt,
				id,
				ru,
				uk,
			);
			mainGroup = DA637B3019F14693004C8838;
			packageReferences = (
				DAEF160A277C67D800EA9478 /* XCRemoteSwiftPackageReference "Sparkle" */,
			);
			productRefGroup = DA637B3A19F14693004C8838 /* Products */;
			projectDirPath = "";
			projectRoot = "";
			targets = (
				DA637B3819F14693004C8838 /* KeepingYouAwake */,
				DAD3CF56271186720006CA14 /* KeepingYouAwake (Direct) */,
				DA658E6A21CE907B0049F4C1 /* KeepingYouAwake Launcher */,
			);
		};
/* End PBXProject section */

/* Begin PBXResourcesBuildPhase section */
		DA637B3719F14693004C8838 /* Resources */ = {
			isa = PBXResourcesBuildPhase;
			buildActionMask = 2147483647;
			files = (
				DA4835F026F8CF100073A062 /* KYAAdvancedPreferencesViewController.xib in Resources */,
				DA54C1311D69CA0000AF9E9D /* InfoPlist.strings in Resources */,
				DAD9831926F8883E00234FB8 /* KYAPreferences.strings in Resources */,
				DA54C12A1D69C55400AF9E9D /* Localizable.strings in Resources */,
				DAB128731C2469F300831045 /* Credits.rtf in Resources */,
				DAD9834926F8A9AE00234FB8 /* KYAAboutPreferencesViewController.xib in Resources */,
				DA085D1021D6BAB6003D9B1B /* container-migration.plist in Resources */,
				DAD983A726F9C46600234FB8 /* KYAAddDurationPreferencesViewController.xib in Resources */,
				DA13771A25E969FF00FB0FAD /* Assets.xcassets in Resources */,
				DAD9834C26F8BB0500234FB8 /* KYAUpdatePreferencesViewController.xib in Resources */,
				DAD9838A26F9037900234FB8 /* KYADurationPreferencesViewController.xib in Resources */,
				DAD68A7C27C957B30036ED19 /* MainMenu.xib in Resources */,
				DAD982F826F8849A00234FB8 /* KYAGeneralPreferencesViewController.xib in Resources */,
				DAD983C626F9C82900234FB8 /* KYAPreferencesWindowController.xib in Resources */,
				DAB0700C22EC795F004D5BCA /* KYADurationCell.xib in Resources */,
			);
			runOnlyForDeploymentPostprocessing = 0;
		};
		DA658E6921CE907B0049F4C1 /* Resources */ = {
			isa = PBXResourcesBuildPhase;
			buildActionMask = 2147483647;
			files = (
				DA658E7121CE907D0049F4C1 /* Assets.xcassets in Resources */,
				DA658E7D21CE90F30049F4C1 /* MainMenu.xib in Resources */,
			);
			runOnlyForDeploymentPostprocessing = 0;
		};
		DAD3CF72271186720006CA14 /* Resources */ = {
			isa = PBXResourcesBuildPhase;
			buildActionMask = 2147483647;
			files = (
				DAD3CF73271186720006CA14 /* KYAAdvancedPreferencesViewController.xib in Resources */,
				DAD3CF74271186720006CA14 /* InfoPlist.strings in Resources */,
				DAD3CF75271186720006CA14 /* KYAPreferences.strings in Resources */,
				DAD3CF76271186720006CA14 /* Localizable.strings in Resources */,
				DAD3CF77271186720006CA14 /* Credits.rtf in Resources */,
				DAD3CF78271186720006CA14 /* KYAAboutPreferencesViewController.xib in Resources */,
				DAD3CF7A271186720006CA14 /* container-migration.plist in Resources */,
				DAD3CF7B271186720006CA14 /* KYAAddDurationPreferencesViewController.xib in Resources */,
				DAD3CF7C271186720006CA14 /* Assets.xcassets in Resources */,
				DAD3CF7D271186720006CA14 /* KYAUpdatePreferencesViewController.xib in Resources */,
				DAD3CF7E271186720006CA14 /* KYADurationPreferencesViewController.xib in Resources */,
				DAD68A7D27C957B30036ED19 /* MainMenu.xib in Resources */,
				DAD3CF7F271186720006CA14 /* KYAGeneralPreferencesViewController.xib in Resources */,
				DAD3CF80271186720006CA14 /* KYAPreferencesWindowController.xib in Resources */,
				DAD3CF81271186720006CA14 /* KYADurationCell.xib in Resources */,
			);
			runOnlyForDeploymentPostprocessing = 0;
		};
/* End PBXResourcesBuildPhase section */

/* Begin PBXSourcesBuildPhase section */
		DA637B3519F14693004C8838 /* Sources */ = {
			isa = PBXSourcesBuildPhase;
			buildActionMask = 2147483647;
			files = (
				DA987C9C22FC749D00DD476B /* KYAAddDurationPreferencesViewController.m in Sources */,
				DA56801B2115FF140039C979 /* KYAUpdatePreferencesViewController.m in Sources */,
				DA7B53061E16999A00D89A12 /* KYAPreferencesWindowController.m in Sources */,
				DA637B4219F14693004C8838 /* KYAAppDelegate.m in Sources */,
				DA2C0E342700629A006E9991 /* KYAAppUpdater.m in Sources */,
				DAD68A8127C957E20036ED19 /* KYAMainMenu.m in Sources */,
				DAB0701022EC8E6B004D5BCA /* KYADurationPreferencesViewController.m in Sources */,
				DA82560D22FB5AFC005ECB3A /* KYAActivationDurationsMenuController.m in Sources */,
				DA52B1082617021500D09FE5 /* KYAActivationUserNotification.m in Sources */,
				DA9A4FE6261631D700C672C4 /* KYALocalizedStrings.m in Sources */,
				DA82B1161C2426E400FA46E0 /* KYAGeneralPreferencesViewController.m in Sources */,
				DAB0700A22EC794F004D5BCA /* KYADurationCell.m in Sources */,
				DA2691D21B8231C700B15779 /* KYAMenuBarIcon.m in Sources */,
				DAB128761C2493DB00831045 /* KYAPreference.m in Sources */,
				DAB128691C2453F600831045 /* KYAAdvancedPreferencesViewController.m in Sources */,
				DAB1286C1C24540200831045 /* KYAAboutPreferencesViewController.m in Sources */,
				DA637B5E19F146B6004C8838 /* KYAAppController.m in Sources */,
				DA2CCD5F26F8754C00568BDD /* KYAPreferencesContentViewController.m in Sources */,
				DA637B3F19F14693004C8838 /* main.m in Sources */,
				DA173B371F65B41B00932CE0 /* KYAStatusItemController.m in Sources */,
				DA52096327C6BE6400ECFDA6 /* KYAActivationDuration+KYALocalizedTitle.m in Sources */,
			);
			runOnlyForDeploymentPostprocessing = 0;
		};
		DA658E6721CE907B0049F4C1 /* Sources */ = {
			isa = PBXSourcesBuildPhase;
			buildActionMask = 2147483647;
			files = (
				DA658E8021CE91540049F4C1 /* KYAAppDelegate.m in Sources */,
				DA658E7721CE907D0049F4C1 /* main.m in Sources */,
			);
			runOnlyForDeploymentPostprocessing = 0;
		};
		DAD3CF5B271186720006CA14 /* Sources */ = {
			isa = PBXSourcesBuildPhase;
			buildActionMask = 2147483647;
			files = (
				DAD3CF5C271186720006CA14 /* KYAAddDurationPreferencesViewController.m in Sources */,
				DAD3CF5D271186720006CA14 /* KYAUpdatePreferencesViewController.m in Sources */,
				DAD3CF5E271186720006CA14 /* KYAPreferencesWindowController.m in Sources */,
				DAD3CF5F271186720006CA14 /* KYAAppDelegate.m in Sources */,
				DAD3CF60271186720006CA14 /* KYAAppUpdater.m in Sources */,
				DAD68A8227C957E20036ED19 /* KYAMainMenu.m in Sources */,
				DAD3CF61271186720006CA14 /* KYADurationPreferencesViewController.m in Sources */,
				DAD3CF62271186720006CA14 /* KYAActivationDurationsMenuController.m in Sources */,
				DAD3CF63271186720006CA14 /* KYAActivationUserNotification.m in Sources */,
				DAD3CF64271186720006CA14 /* KYALocalizedStrings.m in Sources */,
				DAD3CF65271186720006CA14 /* KYAGeneralPreferencesViewController.m in Sources */,
				DAD3CF66271186720006CA14 /* KYADurationCell.m in Sources */,
				DAD3CF67271186720006CA14 /* KYAMenuBarIcon.m in Sources */,
				DAD3CF68271186720006CA14 /* KYAPreference.m in Sources */,
				DAD3CF69271186720006CA14 /* KYAAdvancedPreferencesViewController.m in Sources */,
				DAD3CF6A271186720006CA14 /* KYAAboutPreferencesViewController.m in Sources */,
				DAD3CF6B271186720006CA14 /* KYAAppController.m in Sources */,
				DAD3CF6C271186720006CA14 /* KYAPreferencesContentViewController.m in Sources */,
				DAD3CF6D271186720006CA14 /* main.m in Sources */,
				DAD3CF6E271186720006CA14 /* KYAStatusItemController.m in Sources */,
				DA52096427C6BE6400ECFDA6 /* KYAActivationDuration+KYALocalizedTitle.m in Sources */,
			);
			runOnlyForDeploymentPostprocessing = 0;
		};
/* End PBXSourcesBuildPhase section */

/* Begin PBXTargetDependency section */
		DA87FF5F21D42525009045F3 /* PBXTargetDependency */ = {
			isa = PBXTargetDependency;
			target = DA658E6A21CE907B0049F4C1 /* KeepingYouAwake Launcher */;
			targetProxy = DA87FF5E21D42525009045F3 /* PBXContainerItemProxy */;
		};
		DAD3CF57271186720006CA14 /* PBXTargetDependency */ = {
			isa = PBXTargetDependency;
			target = DA658E6A21CE907B0049F4C1 /* KeepingYouAwake Launcher */;
			targetProxy = DAD3CF58271186720006CA14 /* PBXContainerItemProxy */;
		};
/* End PBXTargetDependency section */

/* Begin PBXVariantGroup section */
		DA4835F226F8CF100073A062 /* KYAAdvancedPreferencesViewController.xib */ = {
			isa = PBXVariantGroup;
			children = (
				DA4835F126F8CF100073A062 /* Base */,
				DA4835F426F8CF160073A062 /* zh */,
				DA4835F626F8CF810073A062 /* zh-Hant-TW */,
				DA4835F826F8CFCC0073A062 /* da */,
				DA4835FA26F8CFD20073A062 /* nl */,
				DA4835FC26F8D0710073A062 /* fr */,
				DA4835FE26F8D0770073A062 /* de */,
				DA48360026F8D1650073A062 /* id */,
				DA48360226F8D1B10073A062 /* ko */,
				DA48360426F8D2020073A062 /* pl */,
				DA48360626F8D23C0073A062 /* pt */,
				DA48360826F8D2740073A062 /* ru */,
				DA48360A26F8D2BC0073A062 /* es */,
				DA48360C26F8D2F40073A062 /* tr */,
				7C4C3DA627B2DCE700A47FE5 /* uk */,
			);
			name = KYAAdvancedPreferencesViewController.xib;
			sourceTree = "<group>";
		};
		DA54C12C1D69C55400AF9E9D /* Localizable.strings */ = {
			isa = PBXVariantGroup;
			children = (
				DA54C12B1D69C55400AF9E9D /* de */,
				DA54C12E1D69C9BC00AF9E9D /* Base */,
				2EB97EED1D69FD8800BA63A0 /* fr */,
				8F6945C81DB7A87D0059C386 /* ko */,
				DA6439CB1E20F29E0078ECE4 /* es */,
				DA51141D1E214E1600635931 /* nl */,
				DAF3FB0B1EC6F61300B5BB36 /* da */,
				DAD3B5771EC6FA5A0022E5D0 /* tr */,
				DA4121721F5C07140083B6E6 /* zh */,
				DA8B21991F6057A200BF5013 /* zh-Hant-TW */,
				DA66277320CC0688007834DB /* pl */,
				DA66277420CC0689007834DB /* pt */,
				DAAAAAA023B14D04004A44EF /* id */,
				DAF3080D2503828D00614AAF /* ru */,
				7C4C3DAA27B2DCE700A47FE5 /* uk */,
			);
			name = Localizable.strings;
			sourceTree = "<group>";
		};
		DA54C1331D69CA0000AF9E9D /* InfoPlist.strings */ = {
			isa = PBXVariantGroup;
			children = (
				DA54C1321D69CA0000AF9E9D /* de */,
				DA54C1341D69CA0700AF9E9D /* Base */,
				2EB97EEE1D69FD8900BA63A0 /* fr */,
				8F6945C71DB7A87C0059C386 /* ko */,
				DA6439CC1E20F29E0078ECE4 /* es */,
				DA51141E1E214E1600635931 /* nl */,
				DAF3FB0C1EC6F61300B5BB36 /* da */,
				DAD3B5781EC6FA5A0022E5D0 /* tr */,
				DA4121731F5C07140083B6E6 /* zh */,
				DA8B21981F6057A200BF5013 /* zh-Hant-TW */,
				DA66277520CC0693007834DB /* pl */,
				DA66277620CC0695007834DB /* pt */,
				DAF3080C2503828D00614AAF /* ru */,
				7C4C3DA927B2DCE700A47FE5 /* uk */,
			);
			name = InfoPlist.strings;
			sourceTree = "<group>";
		};
		DAD982FA26F8849A00234FB8 /* KYAGeneralPreferencesViewController.xib */ = {
			isa = PBXVariantGroup;
			children = (
				DAD982F926F8849A00234FB8 /* Base */,
				DAD982FE26F8849F00234FB8 /* fr */,
				DAD9830026F884A000234FB8 /* de */,
				DAD9830226F884C600234FB8 /* zh */,
				DAD9830426F884C600234FB8 /* zh-Hant-TW */,
				DAD9830626F884C900234FB8 /* nl */,
				DAD9830826F884CB00234FB8 /* da */,
				DAD9830A26F884CC00234FB8 /* id */,
				DAD9830C26F884CD00234FB8 /* ko */,
				DAD9830E26F884CE00234FB8 /* pl */,
				DAD9831026F884D000234FB8 /* pt */,
				DAD9831226F884D100234FB8 /* ru */,
				DAD9831426F884D200234FB8 /* es */,
				DAD9831626F884D300234FB8 /* tr */,
				7C4C3DA327B2DCE700A47FE5 /* uk */,
			);
			name = KYAGeneralPreferencesViewController.xib;
			sourceTree = "<group>";
		};
		DAD9831B26F8883E00234FB8 /* KYAPreferences.strings */ = {
			isa = PBXVariantGroup;
			children = (
				DAD9831A26F8883E00234FB8 /* en */,
				DAD9831C26F8884400234FB8 /* zh */,
				DAD9831D26F8884500234FB8 /* zh-Hant-TW */,
				DAD9831E26F8884A00234FB8 /* da */,
				DAD9831F26F8884B00234FB8 /* nl */,
				DAD9832026F8884C00234FB8 /* fr */,
				DAD9832126F8884D00234FB8 /* de */,
				DAD9832226F8884E00234FB8 /* id */,
				DAD9832326F8884F00234FB8 /* ko */,
				DAD9832426F8885000234FB8 /* pl */,
				DAD9832526F8885100234FB8 /* pt */,
				DAD9832626F8885300234FB8 /* ru */,
				DAD9832726F8885300234FB8 /* es */,
				DAD9832826F8885400234FB8 /* tr */,
				7C4C3DA827B2DCE700A47FE5 /* uk */,
			);
			name = KYAPreferences.strings;
			sourceTree = "<group>";
		};
		DAD9834E26F8BB0500234FB8 /* KYAUpdatePreferencesViewController.xib */ = {
			isa = PBXVariantGroup;
			children = (
				DAD9834D26F8BB0500234FB8 /* Base */,
				DAD9835026F8BB0A00234FB8 /* zh */,
				DAD9835226F8BB0E00234FB8 /* zh-Hant-TW */,
				DAD9835426F8BB0F00234FB8 /* da */,
				DAD9835626F8BB1100234FB8 /* nl */,
				DAD9835826F8BB1400234FB8 /* fr */,
				DAD9835A26F8BB1600234FB8 /* de */,
				DAD9835C26F8BB1700234FB8 /* id */,
				DAD9835E26F8BB1A00234FB8 /* ko */,
				DAD9836026F8BB1B00234FB8 /* pl */,
				DAD9836226F8BB1D00234FB8 /* pt */,
				DAD9836426F8BB2000234FB8 /* ru */,
				DAD9836626F8BB2300234FB8 /* es */,
				DAD9836826F8BB2500234FB8 /* tr */,
				7C4C3DA727B2DCE700A47FE5 /* uk */,
			);
			name = KYAUpdatePreferencesViewController.xib;
			sourceTree = "<group>";
		};
		DAD9838C26F9037900234FB8 /* KYADurationPreferencesViewController.xib */ = {
			isa = PBXVariantGroup;
			children = (
				DAD9838B26F9037900234FB8 /* Base */,
				DAD9838E26F9037E00234FB8 /* zh */,
				DAD9839026F903A100234FB8 /* zh-Hant-TW */,
				DAD9839226F903A700234FB8 /* da */,
				DAD9839426F903AA00234FB8 /* nl */,
				DAD9839626F903AD00234FB8 /* fr */,
				DAD9839826F903B000234FB8 /* de */,
				DAD9839A26F903B300234FB8 /* id */,
				DAD9839C26F903BE00234FB8 /* ko */,
				DAD9839E26F903C100234FB8 /* pl */,
				DAD983A026F903C400234FB8 /* pt */,
				DAD983A226F903C600234FB8 /* ru */,
				DAD983A426F903C900234FB8 /* es */,
				DAD983A626F903CB00234FB8 /* tr */,
				7C4C3DA427B2DCE700A47FE5 /* uk */,
			);
			name = KYADurationPreferencesViewController.xib;
			sourceTree = "<group>";
		};
		DAD983A926F9C46600234FB8 /* KYAAddDurationPreferencesViewController.xib */ = {
			isa = PBXVariantGroup;
			children = (
				DAD983A826F9C46600234FB8 /* Base */,
				DAD983AB26F9C46B00234FB8 /* zh */,
				DAD983AD26F9C46D00234FB8 /* zh-Hant-TW */,
				DAD983AF26F9C46E00234FB8 /* da */,
				DAD983B126F9C47000234FB8 /* nl */,
				DAD983B326F9C47100234FB8 /* fr */,
				DAD983B526F9C47300234FB8 /* de */,
				DAD983B726F9C47600234FB8 /* id */,
				DAD983B926F9C47800234FB8 /* ko */,
				DAD983BB26F9C47900234FB8 /* pl */,
				DAD983BD26F9C47B00234FB8 /* pt */,
				DAD983BF26F9C47D00234FB8 /* ru */,
				DAD983C126F9C47E00234FB8 /* es */,
				DAD983C326F9C48000234FB8 /* tr */,
				7C4C3DA527B2DCE700A47FE5 /* uk */,
			);
			name = KYAAddDurationPreferencesViewController.xib;
			sourceTree = "<group>";
		};
/* End PBXVariantGroup section */

/* Begin XCBuildConfiguration section */
		DA637B5419F14694004C8838 /* Debug */ = {
			isa = XCBuildConfiguration;
			baseConfigurationReference = DAE9C00D26107E1A00F9ED76 /* Configuration.xcconfig */;
			buildSettings = {
				ALWAYS_SEARCH_USER_PATHS = NO;
				CLANG_ANALYZER_LOCALIZABILITY_EMPTY_CONTEXT = YES;
				CLANG_ANALYZER_LOCALIZABILITY_NONLOCALIZED = YES;
				CLANG_ANALYZER_SECURITY_FLOATLOOPCOUNTER = YES;
				CLANG_ANALYZER_SECURITY_INSECUREAPI_RAND = YES;
				CLANG_ANALYZER_SECURITY_INSECUREAPI_STRCPY = YES;
				CLANG_CXX_LANGUAGE_STANDARD = "gnu++17";
				CLANG_CXX_LIBRARY = "libc++";
				CLANG_ENABLE_MODULES = YES;
				CLANG_ENABLE_OBJC_ARC = YES;
				CLANG_WARN_ASSIGN_ENUM = YES;
				CLANG_WARN_BLOCK_CAPTURE_AUTORELEASING = YES;
				CLANG_WARN_BOOL_CONVERSION = YES;
				CLANG_WARN_COMMA = YES;
				CLANG_WARN_CONSTANT_CONVERSION = YES;
				CLANG_WARN_DEPRECATED_OBJC_IMPLEMENTATIONS = YES;
				CLANG_WARN_DIRECT_OBJC_ISA_USAGE = YES_ERROR;
				CLANG_WARN_EMPTY_BODY = YES;
				CLANG_WARN_ENUM_CONVERSION = YES;
				CLANG_WARN_IMPLICIT_SIGN_CONVERSION = YES;
				CLANG_WARN_INFINITE_RECURSION = YES;
				CLANG_WARN_INT_CONVERSION = YES;
				CLANG_WARN_OBJC_EXPLICIT_OWNERSHIP_TYPE = YES;
				CLANG_WARN_OBJC_IMPLICIT_ATOMIC_PROPERTIES = YES;
				CLANG_WARN_OBJC_IMPLICIT_RETAIN_SELF = YES;
				CLANG_WARN_OBJC_REPEATED_USE_OF_WEAK = YES;
				CLANG_WARN_OBJC_ROOT_CLASS = YES_ERROR;
				CLANG_WARN_QUOTED_INCLUDE_IN_FRAMEWORK_HEADER = YES;
				CLANG_WARN_RANGE_LOOP_ANALYSIS = YES;
				CLANG_WARN_STRICT_PROTOTYPES = YES;
				CLANG_WARN_SUSPICIOUS_IMPLICIT_CONVERSION = YES;
				CLANG_WARN_SUSPICIOUS_MOVE = YES;
				CLANG_WARN_UNREACHABLE_CODE = YES;
				CLANG_WARN__DUPLICATE_METHOD_MATCH = YES;
				CODE_SIGN_IDENTITY = "Mac Developer";
				COPY_PHASE_STRIP = NO;
				ENABLE_STRICT_OBJC_MSGSEND = YES;
				ENABLE_TESTABILITY = YES;
				GCC_C_LANGUAGE_STANDARD = gnu11;
				GCC_DYNAMIC_NO_PIC = NO;
				GCC_NO_COMMON_BLOCKS = YES;
				GCC_OPTIMIZATION_LEVEL = 0;
				GCC_PREPROCESSOR_DEFINITIONS = (
					"DEBUG=1",
					"$(inherited)",
				);
				GCC_SYMBOLS_PRIVATE_EXTERN = NO;
				GCC_TREAT_IMPLICIT_FUNCTION_DECLARATIONS_AS_ERRORS = YES;
				GCC_TREAT_INCOMPATIBLE_POINTER_TYPE_WARNINGS_AS_ERRORS = YES;
				GCC_WARN_64_TO_32_BIT_CONVERSION = YES;
				GCC_WARN_ABOUT_MISSING_NEWLINE = YES;
				GCC_WARN_ABOUT_MISSING_PROTOTYPES = YES;
				GCC_WARN_ABOUT_RETURN_TYPE = YES_ERROR;
				GCC_WARN_INITIALIZER_NOT_FULLY_BRACKETED = YES;
				GCC_WARN_SIGN_COMPARE = YES;
				GCC_WARN_STRICT_SELECTOR_MATCH = YES;
				GCC_WARN_UNDECLARED_SELECTOR = YES;
				GCC_WARN_UNINITIALIZED_AUTOS = YES_AGGRESSIVE;
				GCC_WARN_UNUSED_FUNCTION = YES;
				GCC_WARN_UNUSED_VARIABLE = YES;
				MTL_ENABLE_DEBUG_INFO = YES;
				ONLY_ACTIVE_ARCH = YES;
				OTHER_LDFLAGS = "-Wl,-rpath,@loader_path/../Frameworks";
				SDKROOT = macosx;
			};
			name = Debug;
		};
		DA637B5519F14694004C8838 /* Release */ = {
			isa = XCBuildConfiguration;
			baseConfigurationReference = DAE9C00D26107E1A00F9ED76 /* Configuration.xcconfig */;
			buildSettings = {
				ALWAYS_SEARCH_USER_PATHS = NO;
				CLANG_ANALYZER_LOCALIZABILITY_EMPTY_CONTEXT = YES;
				CLANG_ANALYZER_LOCALIZABILITY_NONLOCALIZED = YES;
				CLANG_ANALYZER_SECURITY_FLOATLOOPCOUNTER = YES;
				CLANG_ANALYZER_SECURITY_INSECUREAPI_RAND = YES;
				CLANG_ANALYZER_SECURITY_INSECUREAPI_STRCPY = YES;
				CLANG_CXX_LANGUAGE_STANDARD = "gnu++17";
				CLANG_CXX_LIBRARY = "libc++";
				CLANG_ENABLE_MODULES = YES;
				CLANG_ENABLE_OBJC_ARC = YES;
				CLANG_WARN_ASSIGN_ENUM = YES;
				CLANG_WARN_BLOCK_CAPTURE_AUTORELEASING = YES;
				CLANG_WARN_BOOL_CONVERSION = YES;
				CLANG_WARN_COMMA = YES;
				CLANG_WARN_CONSTANT_CONVERSION = YES;
				CLANG_WARN_DEPRECATED_OBJC_IMPLEMENTATIONS = YES;
				CLANG_WARN_DIRECT_OBJC_ISA_USAGE = YES_ERROR;
				CLANG_WARN_EMPTY_BODY = YES;
				CLANG_WARN_ENUM_CONVERSION = YES;
				CLANG_WARN_IMPLICIT_SIGN_CONVERSION = YES;
				CLANG_WARN_INFINITE_RECURSION = YES;
				CLANG_WARN_INT_CONVERSION = YES;
				CLANG_WARN_OBJC_EXPLICIT_OWNERSHIP_TYPE = YES;
				CLANG_WARN_OBJC_IMPLICIT_ATOMIC_PROPERTIES = YES;
				CLANG_WARN_OBJC_IMPLICIT_RETAIN_SELF = YES;
				CLANG_WARN_OBJC_REPEATED_USE_OF_WEAK = YES;
				CLANG_WARN_OBJC_ROOT_CLASS = YES_ERROR;
				CLANG_WARN_QUOTED_INCLUDE_IN_FRAMEWORK_HEADER = YES;
				CLANG_WARN_RANGE_LOOP_ANALYSIS = YES;
				CLANG_WARN_STRICT_PROTOTYPES = YES;
				CLANG_WARN_SUSPICIOUS_IMPLICIT_CONVERSION = YES;
				CLANG_WARN_SUSPICIOUS_MOVE = YES;
				CLANG_WARN_UNREACHABLE_CODE = YES;
				CLANG_WARN__DUPLICATE_METHOD_MATCH = YES;
				CODE_SIGN_IDENTITY = "Mac Developer";
				COPY_PHASE_STRIP = YES;
				DEBUG_INFORMATION_FORMAT = "dwarf-with-dsym";
				ENABLE_NS_ASSERTIONS = NO;
				ENABLE_STRICT_OBJC_MSGSEND = YES;
				GCC_C_LANGUAGE_STANDARD = gnu11;
				GCC_NO_COMMON_BLOCKS = YES;
				GCC_TREAT_IMPLICIT_FUNCTION_DECLARATIONS_AS_ERRORS = YES;
				GCC_TREAT_INCOMPATIBLE_POINTER_TYPE_WARNINGS_AS_ERRORS = YES;
				GCC_WARN_64_TO_32_BIT_CONVERSION = YES;
				GCC_WARN_ABOUT_MISSING_NEWLINE = YES;
				GCC_WARN_ABOUT_MISSING_PROTOTYPES = YES;
				GCC_WARN_ABOUT_RETURN_TYPE = YES_ERROR;
				GCC_WARN_INITIALIZER_NOT_FULLY_BRACKETED = YES;
				GCC_WARN_SIGN_COMPARE = YES;
				GCC_WARN_STRICT_SELECTOR_MATCH = YES;
				GCC_WARN_UNDECLARED_SELECTOR = YES;
				GCC_WARN_UNINITIALIZED_AUTOS = YES_AGGRESSIVE;
				GCC_WARN_UNUSED_FUNCTION = YES;
				GCC_WARN_UNUSED_VARIABLE = YES;
				MTL_ENABLE_DEBUG_INFO = NO;
				OTHER_LDFLAGS = "-Wl,-rpath,@loader_path/../Frameworks";
				SDKROOT = macosx;
			};
			name = Release;
		};
		DA637B5719F14694004C8838 /* Debug */ = {
			isa = XCBuildConfiguration;
			buildSettings = {
				ASSETCATALOG_COMPILER_APPICON_NAME = AppIcon;
				CODE_SIGN_ENTITLEMENTS = KeepingYouAwake/KeepingYouAwake.entitlements;
				COMBINE_HIDPI_IMAGES = YES;
				DEVELOPMENT_TEAM = 5KESHV9W85;
				ENABLE_HARDENED_RUNTIME = YES;
				INFOPLIST_FILE = KeepingYouAwake/Info.plist;
				LD_RUNPATH_SEARCH_PATHS = (
					"$(inherited)",
					"@executable_path/../Frameworks",
				);
				PRODUCT_NAME = "$(TARGET_NAME)";
				PROVISIONING_PROFILE_SPECIFIER = "";
			};
			name = Debug;
		};
		DA637B5819F14694004C8838 /* Release */ = {
			isa = XCBuildConfiguration;
			buildSettings = {
				ASSETCATALOG_COMPILER_APPICON_NAME = AppIcon;
				CODE_SIGN_ENTITLEMENTS = KeepingYouAwake/KeepingYouAwake.entitlements;
				CODE_SIGN_IDENTITY = "Developer ID Application";
				CODE_SIGN_INJECT_BASE_ENTITLEMENTS = NO;
				COMBINE_HIDPI_IMAGES = YES;
				DEVELOPMENT_TEAM = 5KESHV9W85;
				ENABLE_HARDENED_RUNTIME = YES;
				INFOPLIST_FILE = KeepingYouAwake/Info.plist;
				LD_RUNPATH_SEARCH_PATHS = (
					"$(inherited)",
					"@executable_path/../Frameworks",
				);
				OTHER_CODE_SIGN_FLAGS = "$(inherited) --timestamp";
				PRODUCT_NAME = "$(TARGET_NAME)";
				PROVISIONING_PROFILE_SPECIFIER = "";
			};
			name = Release;
		};
		DA658E7921CE907D0049F4C1 /* Debug */ = {
			isa = XCBuildConfiguration;
			buildSettings = {
				ASSETCATALOG_COMPILER_APPICON_NAME = AppIcon;
				CLANG_ANALYZER_NONNULL = YES;
				CLANG_ANALYZER_NUMBER_OBJECT_CONVERSION = YES_AGGRESSIVE;
				CLANG_ENABLE_OBJC_WEAK = YES;
				CLANG_WARN_DOCUMENTATION_COMMENTS = YES;
				CLANG_WARN_NON_LITERAL_NULL_CONVERSION = YES;
				CLANG_WARN_OBJC_LITERAL_CONVERSION = YES;
				CLANG_WARN_UNGUARDED_AVAILABILITY = YES_AGGRESSIVE;
				CODE_SIGN_ENTITLEMENTS = KYALauncher/KYALauncher.entitlements;
				CODE_SIGN_STYLE = Manual;
				COMBINE_HIDPI_IMAGES = YES;
				DEBUG_INFORMATION_FORMAT = dwarf;
				DEVELOPMENT_TEAM = 5KESHV9W85;
				ENABLE_HARDENED_RUNTIME = YES;
				INFOPLIST_FILE = KYALauncher/Info.plist;
				LD_RUNPATH_SEARCH_PATHS = (
					"$(inherited)",
					"@executable_path/../Frameworks",
				);
				MTL_ENABLE_DEBUG_INFO = INCLUDE_SOURCE;
				MTL_FAST_MATH = YES;
				PRODUCT_BUNDLE_IDENTIFIER = "info.marcel-dierkes.KeepingYouAwake.Launcher";
				PRODUCT_NAME = "$(TARGET_NAME)";
				PROVISIONING_PROFILE_SPECIFIER = "";
				SKIP_INSTALL = YES;
			};
			name = Debug;
		};
		DA658E7A21CE907D0049F4C1 /* Release */ = {
			isa = XCBuildConfiguration;
			buildSettings = {
				ASSETCATALOG_COMPILER_APPICON_NAME = AppIcon;
				CLANG_ANALYZER_NONNULL = YES;
				CLANG_ANALYZER_NUMBER_OBJECT_CONVERSION = YES_AGGRESSIVE;
				CLANG_ENABLE_OBJC_WEAK = YES;
				CLANG_WARN_DOCUMENTATION_COMMENTS = YES;
				CLANG_WARN_NON_LITERAL_NULL_CONVERSION = YES;
				CLANG_WARN_OBJC_LITERAL_CONVERSION = YES;
				CLANG_WARN_UNGUARDED_AVAILABILITY = YES_AGGRESSIVE;
				CODE_SIGN_ENTITLEMENTS = KYALauncher/KYALauncher.entitlements;
				CODE_SIGN_IDENTITY = "Developer ID Application";
				CODE_SIGN_INJECT_BASE_ENTITLEMENTS = NO;
				CODE_SIGN_STYLE = Manual;
				COMBINE_HIDPI_IMAGES = YES;
				COPY_PHASE_STRIP = NO;
				DEVELOPMENT_TEAM = 5KESHV9W85;
				ENABLE_HARDENED_RUNTIME = YES;
				INFOPLIST_FILE = KYALauncher/Info.plist;
				LD_RUNPATH_SEARCH_PATHS = (
					"$(inherited)",
					"@executable_path/../Frameworks",
				);
				MTL_FAST_MATH = YES;
				OTHER_CODE_SIGN_FLAGS = "$(inherited) --timestamp";
				PRODUCT_BUNDLE_IDENTIFIER = "info.marcel-dierkes.KeepingYouAwake.Launcher";
				PRODUCT_NAME = "$(TARGET_NAME)";
				PROVISIONING_PROFILE_SPECIFIER = "";
				SKIP_INSTALL = YES;
			};
			name = Release;
		};
		DAD3CF8D271186720006CA14 /* Debug */ = {
			isa = XCBuildConfiguration;
			buildSettings = {
				ASSETCATALOG_COMPILER_APPICON_NAME = AppIcon;
				CODE_SIGN_ENTITLEMENTS = "KeepingYouAwake/KeepingYouAwake-Direct.entitlements";
				CODE_SIGN_IDENTITY = "Mac Developer";
				CODE_SIGN_STYLE = Manual;
				COMBINE_HIDPI_IMAGES = YES;
				DEVELOPMENT_TEAM = 5KESHV9W85;
				ENABLE_HARDENED_RUNTIME = YES;
				GCC_PREPROCESSOR_DEFINITIONS = (
					"DEBUG=1",
					"KYA_APP_UPDATER_ENABLED=1",
					"$(inherited)",
				);
				INFOPLIST_FILE = KeepingYouAwake/Info.plist;
				LD_RUNPATH_SEARCH_PATHS = (
					"$(inherited)",
					"@executable_path/../Frameworks",
				);
				PRODUCT_NAME = KeepingYouAwake;
				PROVISIONING_PROFILE_SPECIFIER = "";
			};
			name = Debug;
		};
		DAD3CF8E271186720006CA14 /* Release */ = {
			isa = XCBuildConfiguration;
			buildSettings = {
				ASSETCATALOG_COMPILER_APPICON_NAME = AppIcon;
				CODE_SIGN_ENTITLEMENTS = "KeepingYouAwake/KeepingYouAwake-Direct.entitlements";
				CODE_SIGN_IDENTITY = "Developer ID Application";
				CODE_SIGN_INJECT_BASE_ENTITLEMENTS = NO;
				CODE_SIGN_STYLE = Manual;
				COMBINE_HIDPI_IMAGES = YES;
				DEVELOPMENT_TEAM = 5KESHV9W85;
				ENABLE_HARDENED_RUNTIME = YES;
				GCC_PREPROCESSOR_DEFINITIONS = (
					"KYA_APP_UPDATER_ENABLED=1",
					"$(inherited)",
				);
				INFOPLIST_FILE = KeepingYouAwake/Info.plist;
				LD_RUNPATH_SEARCH_PATHS = (
					"$(inherited)",
					"@executable_path/../Frameworks",
				);
				OTHER_CODE_SIGN_FLAGS = "$(inherited) --timestamp";
				PRODUCT_NAME = KeepingYouAwake;
				PROVISIONING_PROFILE_SPECIFIER = "";
			};
			name = Release;
		};
/* End XCBuildConfiguration section */

/* Begin XCConfigurationList section */
		DA637B3419F14693004C8838 /* Build configuration list for PBXProject "KeepingYouAwake" */ = {
			isa = XCConfigurationList;
			buildConfigurations = (
				DA637B5419F14694004C8838 /* Debug */,
				DA637B5519F14694004C8838 /* Release */,
			);
			defaultConfigurationIsVisible = 0;
			defaultConfigurationName = Release;
		};
		DA637B5619F14694004C8838 /* Build configuration list for PBXNativeTarget "KeepingYouAwake" */ = {
			isa = XCConfigurationList;
			buildConfigurations = (
				DA637B5719F14694004C8838 /* Debug */,
				DA637B5819F14694004C8838 /* Release */,
			);
			defaultConfigurationIsVisible = 0;
			defaultConfigurationName = Release;
		};
		DA658E7B21CE907D0049F4C1 /* Build configuration list for PBXNativeTarget "KeepingYouAwake Launcher" */ = {
			isa = XCConfigurationList;
			buildConfigurations = (
				DA658E7921CE907D0049F4C1 /* Debug */,
				DA658E7A21CE907D0049F4C1 /* Release */,
			);
			defaultConfigurationIsVisible = 0;
			defaultConfigurationName = Release;
		};
		DAD3CF8C271186720006CA14 /* Build configuration list for PBXNativeTarget "KeepingYouAwake (Direct)" */ = {
			isa = XCConfigurationList;
			buildConfigurations = (
				DAD3CF8D271186720006CA14 /* Debug */,
				DAD3CF8E271186720006CA14 /* Release */,
			);
			defaultConfigurationIsVisible = 0;
			defaultConfigurationName = Release;
		};
/* End XCConfigurationList section */

/* Begin XCRemoteSwiftPackageReference section */
		DAEF160A277C67D800EA9478 /* XCRemoteSwiftPackageReference "Sparkle" */ = {
			isa = XCRemoteSwiftPackageReference;
			repositoryURL = "https://github.com/sparkle-project/Sparkle";
			requirement = {
				kind = upToNextMajorVersion;
				minimumVersion = 2.0.0;
			};
		};
/* End XCRemoteSwiftPackageReference section */

/* Begin XCSwiftPackageProductDependency section */
		DA25062F27C2486D0052CCD8 /* KYADeviceInfo */ = {
			isa = XCSwiftPackageProductDependency;
			productName = KYADeviceInfo;
		};
		DA25063127C248710052CCD8 /* KYADeviceInfo */ = {
			isa = XCSwiftPackageProductDependency;
			productName = KYADeviceInfo;
		};
		DA52096527C6C56A00ECFDA6 /* KYAActivationDurations */ = {
			isa = XCSwiftPackageProductDependency;
			productName = KYAActivationDurations;
		};
		DA52096727C6C56F00ECFDA6 /* KYAActivationDurations */ = {
			isa = XCSwiftPackageProductDependency;
			productName = KYAActivationDurations;
		};
		DA52096927C6C9B900ECFDA6 /* KYAApplicationSupport */ = {
			isa = XCSwiftPackageProductDependency;
			productName = KYAApplicationSupport;
		};
		DA52096B27C6C9BD00ECFDA6 /* KYAApplicationSupport */ = {
			isa = XCSwiftPackageProductDependency;
			productName = KYAApplicationSupport;
		};
		DA52096F27C6CBC000ECFDA6 /* KYASleepWakeTimer */ = {
			isa = XCSwiftPackageProductDependency;
			productName = KYASleepWakeTimer;
		};
		DA52097127C6CBC500ECFDA6 /* KYASleepWakeTimer */ = {
			isa = XCSwiftPackageProductDependency;
			productName = KYASleepWakeTimer;
		};
		DACF2FC627C2657800856FEC /* KYAUserNotifications */ = {
			isa = XCSwiftPackageProductDependency;
			productName = KYAUserNotifications;
		};
		DACF2FC827C2657C00856FEC /* KYAUserNotifications */ = {
			isa = XCSwiftPackageProductDependency;
			productName = KYAUserNotifications;
		};
		DACF2FCA27C271B600856FEC /* KYAApplicationEvents */ = {
			isa = XCSwiftPackageProductDependency;
			productName = KYAApplicationEvents;
		};
		DACF2FCC27C271BA00856FEC /* KYAApplicationEvents */ = {
			isa = XCSwiftPackageProductDependency;
			productName = KYAApplicationEvents;
		};
		DAEF160B277C67D800EA9478 /* Sparkle */ = {
			isa = XCSwiftPackageProductDependency;
			package = DAEF160A277C67D800EA9478 /* XCRemoteSwiftPackageReference "Sparkle" */;
			productName = Sparkle;
		};
/* End XCSwiftPackageProductDependency section */
	};
	rootObject = DA637B3119F14693004C8838 /* Project object */;
}
